[32mSwitching default version to v1.2.5[0m
[32mDefault version (when not overridden by .terraform-version or TFENV_TERRAFORM_VERSION) is now: 1.2.5[0m


========================================================================

AWS Account: 784943245565
Environment: account-a
Region:      eu-west-2
Action:      plan

========================================================================


-------------------------------------------------------------------------------------------
Terraform Components in use:
-------------------------------------------------------------------------------------------

  tf vars:  /Users/richardshaw/Documents/Academy_Terraform/var/account-a/terraform
terraform:  /Users/richardshaw/Documents/Academy_Terraform/components/terraform

-------------------------------------------------------------------------------------------


-------------------------------------------------------------------------------------------
INITIATING BACKEND:
-------------------------------------------------------------------------------------------

terraform \ 
-chdir=/Users/richardshaw/Documents/Academy_Terraform/components/terraform \ 
init \ 
-input=false \ 
-backend=true \ 
-backend-config="bucket=mob-terraform-infra-backend-state-eu-west-2-784943245565" \ 
-backend-config="key=Academy_Terraform/account-a.tfstate" \ 
-backend-config="region=eu-west-2" \ 


-------------------------------------------------------------------------------------------


[0m[1mInitializing the backend...[0m
[0m[32m
Successfully configured the backend "s3"! Terraform will automatically
use this backend unless the backend configuration changes.[0m

[0m[1mInitializing provider plugins...[0m
- Reusing previous version of hashicorp/aws from the dependency lock file
- Using previously-installed hashicorp/aws v4.23.0

[0m[1m[32mTerraform has been successfully initialized![0m[32m[0m
[0m[32m
You may now begin working with Terraform. Try running "terraform plan" to see
any changes that are required for your infrastructure. All Terraform commands
should now work.

If you ever set or change modules or backend configuration for Terraform,
rerun this command to reinitialize your working directory. If you forget, other
commands will detect it and remind you to do so if necessary.[0m

-------------------------------------------------------------------------------------------
TF PLAN:
-------------------------------------------------------------------------------------------

terraform \ 
-chdir=/Users/richardshaw/Documents/Academy_Terraform/components/terraform \ 
plan \ 
-var-file=/Users/richardshaw/Documents/Academy_Terraform/var/account-a/terraform/ec2s.tfvars \ 
-var-file=/Users/richardshaw/Documents/Academy_Terraform/var/account-a/terraform/environment.tfvars \ 
-var-file=/Users/richardshaw/Documents/Academy_Terraform/var/account-a/terraform/igw.tfvars \ 
-var-file=/Users/richardshaw/Documents/Academy_Terraform/var/account-a/terraform/ngw.tfvars \ 
-var-file=/Users/richardshaw/Documents/Academy_Terraform/var/account-a/terraform/nlb.tfvars \ 
-var-file=/Users/richardshaw/Documents/Academy_Terraform/var/account-a/terraform/rt_tbl.tfvars \ 
-var-file=/Users/richardshaw/Documents/Academy_Terraform/var/account-a/terraform/sgs.tfvars \ 
-var-file=/Users/richardshaw/Documents/Academy_Terraform/var/account-a/terraform/subnets.tfvars \ 
-var-file=/Users/richardshaw/Documents/Academy_Terraform/var/account-a/terraform/tgw.tfvars \ 
-var-file=/Users/richardshaw/Documents/Academy_Terraform/var/account-a/terraform/tgw_atch.tfvars \ 
-var-file=/Users/richardshaw/Documents/Academy_Terraform/var/account-a/terraform/vpc_A.tfvars \ 
-input=false \ 


-------------------------------------------------------------------------------------------


Terraform used the selected providers to generate the following execution
plan. Resource actions are indicated with the following symbols:
  [32m+[0m create
[0m
Terraform will perform the following actions:

[1m  # aws_ec2_transit_gateway.env_tgw[0][0m will be created[0m[0m
[0m  [32m+[0m[0m resource "aws_ec2_transit_gateway" "env_tgw" {
      [32m+[0m [0m[1m[0mamazon_side_asn[0m[0m                    = 64514
      [32m+[0m [0m[1m[0marn[0m[0m                                = (known after apply)
      [32m+[0m [0m[1m[0massociation_default_route_table_id[0m[0m = (known after apply)
      [32m+[0m [0m[1m[0mauto_accept_shared_attachments[0m[0m     = "enable"
      [32m+[0m [0m[1m[0mdefault_route_table_association[0m[0m    = "enable"
      [32m+[0m [0m[1m[0mdefault_route_table_propagation[0m[0m    = "enable"
      [32m+[0m [0m[1m[0mdescription[0m[0m                        = "mobilise-academy-tgw"
      [32m+[0m [0m[1m[0mdns_support[0m[0m                        = "enable"
      [32m+[0m [0m[1m[0mid[0m[0m                                 = (known after apply)
      [32m+[0m [0m[1m[0mmulticast_support[0m[0m                  = "disable"
      [32m+[0m [0m[1m[0mowner_id[0m[0m                           = (known after apply)
      [32m+[0m [0m[1m[0mpropagation_default_route_table_id[0m[0m = (known after apply)
      [32m+[0m [0m[1m[0mtags[0m[0m                               = {
          [32m+[0m [0m"DeployedBy"  = "richard.shaw"
          [32m+[0m [0m"Environment" = "account-A"
          [32m+[0m [0m"Name"        = "mob-transit-tgw"
          [32m+[0m [0m"Owner"       = "Mob-academy"
          [32m+[0m [0m"Project"     = "Workshop"
        }
      [32m+[0m [0m[1m[0mtags_all[0m[0m                           = {
          [32m+[0m [0m"DeployedBy"  = "richard.shaw"
          [32m+[0m [0m"Environment" = "account-A"
          [32m+[0m [0m"Name"        = "mob-transit-tgw"
          [32m+[0m [0m"Owner"       = "Mob-academy"
          [32m+[0m [0m"Project"     = "Workshop"
        }
      [32m+[0m [0m[1m[0mvpn_ecmp_support[0m[0m                   = "enable"
    }

[1m  # aws_ec2_transit_gateway_route.tgw_local_vpc_route[0m will be created[0m[0m
[0m  [32m+[0m[0m resource "aws_ec2_transit_gateway_route" "tgw_local_vpc_route" {
      [32m+[0m [0m[1m[0mblackhole[0m[0m                      = false
      [32m+[0m [0m[1m[0mdestination_cidr_block[0m[0m         = "0.0.0.0/0"
      [32m+[0m [0m[1m[0mid[0m[0m                             = (known after apply)
      [32m+[0m [0m[1m[0mtransit_gateway_attachment_id[0m[0m  = (known after apply)
      [32m+[0m [0m[1m[0mtransit_gateway_route_table_id[0m[0m = (known after apply)
    }

[1m  # aws_ec2_transit_gateway_route.tgw_to_account_a[0m will be created[0m[0m
[0m  [32m+[0m[0m resource "aws_ec2_transit_gateway_route" "tgw_to_account_a" {
      [32m+[0m [0m[1m[0mblackhole[0m[0m                      = false
      [32m+[0m [0m[1m[0mdestination_cidr_block[0m[0m         = "10.1.0.0/16"
      [32m+[0m [0m[1m[0mid[0m[0m                             = (known after apply)
      [32m+[0m [0m[1m[0mtransit_gateway_attachment_id[0m[0m  = (known after apply)
      [32m+[0m [0m[1m[0mtransit_gateway_route_table_id[0m[0m = (known after apply)
    }

[1m  # aws_ec2_transit_gateway_route.tgw_vpc_route[0m will be created[0m[0m
[0m  [32m+[0m[0m resource "aws_ec2_transit_gateway_route" "tgw_vpc_route" {
      [32m+[0m [0m[1m[0mblackhole[0m[0m                      = false
      [32m+[0m [0m[1m[0mdestination_cidr_block[0m[0m         = "10.0.0.0/16"
      [32m+[0m [0m[1m[0mid[0m[0m                             = (known after apply)
      [32m+[0m [0m[1m[0mtransit_gateway_attachment_id[0m[0m  = (known after apply)
      [32m+[0m [0m[1m[0mtransit_gateway_route_table_id[0m[0m = (known after apply)
    }

[1m  # aws_ec2_transit_gateway_route_table.tgw_route_table[0m will be created[0m[0m
[0m  [32m+[0m[0m resource "aws_ec2_transit_gateway_route_table" "tgw_route_table" {
      [32m+[0m [0m[1m[0marn[0m[0m                             = (known after apply)
      [32m+[0m [0m[1m[0mdefault_association_route_table[0m[0m = (known after apply)
      [32m+[0m [0m[1m[0mdefault_propagation_route_table[0m[0m = (known after apply)
      [32m+[0m [0m[1m[0mid[0m[0m                              = (known after apply)
      [32m+[0m [0m[1m[0mtags_all[0m[0m                        = (known after apply)
      [32m+[0m [0m[1m[0mtransit_gateway_id[0m[0m              = (known after apply)
    }

[1m  # aws_ec2_transit_gateway_route_table_association.tgw_foreign_vpc[0][0m will be created[0m[0m
[0m  [32m+[0m[0m resource "aws_ec2_transit_gateway_route_table_association" "tgw_foreign_vpc" {
      [32m+[0m [0m[1m[0mid[0m[0m                             = (known after apply)
      [32m+[0m [0m[1m[0mresource_id[0m[0m                    = (known after apply)
      [32m+[0m [0m[1m[0mresource_type[0m[0m                  = (known after apply)
      [32m+[0m [0m[1m[0mtransit_gateway_attachment_id[0m[0m  = (known after apply)
      [32m+[0m [0m[1m[0mtransit_gateway_route_table_id[0m[0m = (known after apply)
    }

[1m  # aws_ec2_transit_gateway_route_table_association.tgw_local_vpc_rt_assoc[0][0m will be created[0m[0m
[0m  [32m+[0m[0m resource "aws_ec2_transit_gateway_route_table_association" "tgw_local_vpc_rt_assoc" {
      [32m+[0m [0m[1m[0mid[0m[0m                             = (known after apply)
      [32m+[0m [0m[1m[0mresource_id[0m[0m                    = (known after apply)
      [32m+[0m [0m[1m[0mresource_type[0m[0m                  = (known after apply)
      [32m+[0m [0m[1m[0mtransit_gateway_attachment_id[0m[0m  = (known after apply)
      [32m+[0m [0m[1m[0mtransit_gateway_route_table_id[0m[0m = (known after apply)
    }

[1m  # aws_ec2_transit_gateway_vpc_attachment.public_to_vpc_b[0][0m will be created[0m[0m
[0m  [32m+[0m[0m resource "aws_ec2_transit_gateway_vpc_attachment" "public_to_vpc_b" {
      [32m+[0m [0m[1m[0mappliance_mode_support[0m[0m                          = "disable"
      [32m+[0m [0m[1m[0mdns_support[0m[0m                                     = "enable"
      [32m+[0m [0m[1m[0mid[0m[0m                                              = (known after apply)
      [32m+[0m [0m[1m[0mipv6_support[0m[0m                                    = "disable"
      [32m+[0m [0m[1m[0msubnet_ids[0m[0m                                      = (known after apply)
      [32m+[0m [0m[1m[0mtags_all[0m[0m                                        = (known after apply)
      [32m+[0m [0m[1m[0mtransit_gateway_default_route_table_association[0m[0m = true
      [32m+[0m [0m[1m[0mtransit_gateway_default_route_table_propagation[0m[0m = true
      [32m+[0m [0m[1m[0mtransit_gateway_id[0m[0m                              = (known after apply)
      [32m+[0m [0m[1m[0mvpc_id[0m[0m                                          = (known after apply)
      [32m+[0m [0m[1m[0mvpc_owner_id[0m[0m                                    = (known after apply)
    }

[1m  # aws_ec2_transit_gateway_vpc_attachment.x_act_tg_atmt[0][0m will be created[0m[0m
[0m  [32m+[0m[0m resource "aws_ec2_transit_gateway_vpc_attachment" "x_act_tg_atmt" {
      [32m+[0m [0m[1m[0mappliance_mode_support[0m[0m                          = "disable"
      [32m+[0m [0m[1m[0mdns_support[0m[0m                                     = "enable"
      [32m+[0m [0m[1m[0mid[0m[0m                                              = (known after apply)
      [32m+[0m [0m[1m[0mipv6_support[0m[0m                                    = "disable"
      [32m+[0m [0m[1m[0msubnet_ids[0m[0m                                      = (known after apply)
      [32m+[0m [0m[1m[0mtags_all[0m[0m                                        = (known after apply)
      [32m+[0m [0m[1m[0mtransit_gateway_default_route_table_association[0m[0m = false
      [32m+[0m [0m[1m[0mtransit_gateway_default_route_table_propagation[0m[0m = false
      [32m+[0m [0m[1m[0mtransit_gateway_id[0m[0m                              = (known after apply)
      [32m+[0m [0m[1m[0mvpc_id[0m[0m                                          = (known after apply)
      [32m+[0m [0m[1m[0mvpc_owner_id[0m[0m                                    = (known after apply)
    }

[1m  # aws_eip.env_ngw_eip[0][0m will be created[0m[0m
[0m  [32m+[0m[0m resource "aws_eip" "env_ngw_eip" {
      [32m+[0m [0m[1m[0mallocation_id[0m[0m        = (known after apply)
      [32m+[0m [0m[1m[0massociation_id[0m[0m       = (known after apply)
      [32m+[0m [0m[1m[0mcarrier_ip[0m[0m           = (known after apply)
      [32m+[0m [0m[1m[0mcustomer_owned_ip[0m[0m    = (known after apply)
      [32m+[0m [0m[1m[0mdomain[0m[0m               = (known after apply)
      [32m+[0m [0m[1m[0mid[0m[0m                   = (known after apply)
      [32m+[0m [0m[1m[0minstance[0m[0m             = (known after apply)
      [32m+[0m [0m[1m[0mnetwork_border_group[0m[0m = (known after apply)
      [32m+[0m [0m[1m[0mnetwork_interface[0m[0m    = (known after apply)
      [32m+[0m [0m[1m[0mprivate_dns[0m[0m          = (known after apply)
      [32m+[0m [0m[1m[0mprivate_ip[0m[0m           = (known after apply)
      [32m+[0m [0m[1m[0mpublic_dns[0m[0m           = (known after apply)
      [32m+[0m [0m[1m[0mpublic_ip[0m[0m            = (known after apply)
      [32m+[0m [0m[1m[0mpublic_ipv4_pool[0m[0m     = (known after apply)
      [32m+[0m [0m[1m[0mtags[0m[0m                 = {
          [32m+[0m [0m"DeployedBy"  = "richard.shaw"
          [32m+[0m [0m"Environment" = "account-A"
          [32m+[0m [0m"Name"        = "mob-account-A-ngw-eip-a"
          [32m+[0m [0m"Owner"       = "Mob-academy"
          [32m+[0m [0m"Project"     = "Workshop"
        }
      [32m+[0m [0m[1m[0mtags_all[0m[0m             = {
          [32m+[0m [0m"DeployedBy"  = "richard.shaw"
          [32m+[0m [0m"Environment" = "account-A"
          [32m+[0m [0m"Name"        = "mob-account-A-ngw-eip-a"
          [32m+[0m [0m"Owner"       = "Mob-academy"
          [32m+[0m [0m"Project"     = "Workshop"
        }
      [32m+[0m [0m[1m[0mvpc[0m[0m                  = true
    }

[1m  # aws_iam_group.mobilise_academy_group[0m will be created[0m[0m
[0m  [32m+[0m[0m resource "aws_iam_group" "mobilise_academy_group" {
      [32m+[0m [0m[1m[0marn[0m[0m       = (known after apply)
      [32m+[0m [0m[1m[0mid[0m[0m        = (known after apply)
      [32m+[0m [0m[1m[0mname[0m[0m      = "mobilise-academy-group"
      [32m+[0m [0m[1m[0mpath[0m[0m      = "/"
      [32m+[0m [0m[1m[0munique_id[0m[0m = (known after apply)
    }

[1m  # aws_iam_group_membership.mobilise_academy[0m will be created[0m[0m
[0m  [32m+[0m[0m resource "aws_iam_group_membership" "mobilise_academy" {
      [32m+[0m [0m[1m[0mgroup[0m[0m = "mobilise-academy-group"
      [32m+[0m [0m[1m[0mid[0m[0m    = (known after apply)
      [32m+[0m [0m[1m[0mname[0m[0m  = "mobilise-academy-group-membership"
      [32m+[0m [0m[1m[0musers[0m[0m = [
          [32m+[0m [0m"mobilise-academy",
        ]
    }

[1m  # aws_iam_group_policy.workshop_s3_deny_delete_policy[0m will be created[0m[0m
[0m  [32m+[0m[0m resource "aws_iam_group_policy" "workshop_s3_deny_delete_policy" {
      [32m+[0m [0m[1m[0mgroup[0m[0m  = "mobilise-academy-group"
      [32m+[0m [0m[1m[0mid[0m[0m     = (known after apply)
      [32m+[0m [0m[1m[0mname[0m[0m   = "account-A-workshop-s3-deny-delete-policy"
      [32m+[0m [0m[1m[0mpolicy[0m[0m = jsonencode(
            {
              [32m+[0m [0mStatement = [
                  [32m+[0m [0m{
                      [32m+[0m [0mAction   = "s3:DeleteObject"
                      [32m+[0m [0mEffect   = "Deny"
                      [32m+[0m [0mResource = "arn:aws:s3:::assets.rs.mobilise.academy/aws-certified-cloud-practitioner.png"
                      [32m+[0m [0mSid      = "VisualEditor0"
                    },
                ]
              [32m+[0m [0mVersion   = "2012-10-17"
            }
        )
    }

[1m  # aws_iam_role.instance_iam_role[0m will be created[0m[0m
[0m  [32m+[0m[0m resource "aws_iam_role" "instance_iam_role" {
      [32m+[0m [0m[1m[0marn[0m[0m                   = (known after apply)
      [32m+[0m [0m[1m[0massume_role_policy[0m[0m    = jsonencode(
            {
              [32m+[0m [0mStatement = [
                  [32m+[0m [0m{
                      [32m+[0m [0mAction    = "sts:AssumeRole"
                      [32m+[0m [0mEffect    = "Allow"
                      [32m+[0m [0mPrincipal = {
                          [32m+[0m [0mService = "ec2.amazonaws.com"
                        }
                      [32m+[0m [0mSid       = ""
                    },
                ]
              [32m+[0m [0mVersion   = "2012-10-17"
            }
        )
      [32m+[0m [0m[1m[0mcreate_date[0m[0m           = (known after apply)
      [32m+[0m [0m[1m[0mforce_detach_policies[0m[0m = false
      [32m+[0m [0m[1m[0mid[0m[0m                    = (known after apply)
      [32m+[0m [0m[1m[0mmanaged_policy_arns[0m[0m   = (known after apply)
      [32m+[0m [0m[1m[0mmax_session_duration[0m[0m  = 3600
      [32m+[0m [0m[1m[0mname[0m[0m                  = "instance-iam-role"
      [32m+[0m [0m[1m[0mname_prefix[0m[0m           = (known after apply)
      [32m+[0m [0m[1m[0mpath[0m[0m                  = "/"
      [32m+[0m [0m[1m[0mtags[0m[0m                  = {
          [32m+[0m [0m"tag-key" = "tag-value"
        }
      [32m+[0m [0m[1m[0mtags_all[0m[0m              = {
          [32m+[0m [0m"tag-key" = "tag-value"
        }
      [32m+[0m [0m[1m[0munique_id[0m[0m             = (known after apply)

      [32m+[0m [0minline_policy {
          [32m+[0m [0m[1m[0mname[0m[0m   = (known after apply)
          [32m+[0m [0m[1m[0mpolicy[0m[0m = (known after apply)
        }
    }

[1m  # aws_iam_role_policy.ssm_policy[0m will be created[0m[0m
[0m  [32m+[0m[0m resource "aws_iam_role_policy" "ssm_policy" {
      [32m+[0m [0m[1m[0mid[0m[0m     = (known after apply)
      [32m+[0m [0m[1m[0mname[0m[0m   = "ssm-policy"
      [32m+[0m [0m[1m[0mpolicy[0m[0m = jsonencode(
            {
              [32m+[0m [0mStatement = [
                  [32m+[0m [0m{
                      [32m+[0m [0mAction   = [
                          [32m+[0m [0m"ssm:DescribeAssociation",
                          [32m+[0m [0m"ssm:GetDeployablePatchSnapshotForInstance",
                          [32m+[0m [0m"ssm:GetDocument",
                          [32m+[0m [0m"ssm:DescribeDocument",
                          [32m+[0m [0m"ssm:GetManifest",
                          [32m+[0m [0m"ssm:GetParameter",
                          [32m+[0m [0m"ssm:GetParameters",
                          [32m+[0m [0m"ssm:ListAssociations",
                          [32m+[0m [0m"ssm:ListInstanceAssociations",
                          [32m+[0m [0m"ssm:PutInventory",
                          [32m+[0m [0m"ssm:PutComplianceItems",
                          [32m+[0m [0m"ssm:PutConfigurePackageResult",
                          [32m+[0m [0m"ssm:UpdateAssociationStatus",
                          [32m+[0m [0m"ssm:UpdateInstanceAssociationStatus",
                          [32m+[0m [0m"ssm:UpdateInstanceInformation",
                        ]
                      [32m+[0m [0mEffect   = "Allow"
                      [32m+[0m [0mResource = "*"
                    },
                  [32m+[0m [0m{
                      [32m+[0m [0mAction   = [
                          [32m+[0m [0m"ssmmessages:CreateControlChannel",
                          [32m+[0m [0m"ssmmessages:CreateDataChannel",
                          [32m+[0m [0m"ssmmessages:OpenControlChannel",
                          [32m+[0m [0m"ssmmessages:OpenDataChannel",
                        ]
                      [32m+[0m [0mEffect   = "Allow"
                      [32m+[0m [0mResource = "*"
                    },
                  [32m+[0m [0m{
                      [32m+[0m [0mAction   = [
                          [32m+[0m [0m"ec2messages:AcknowledgeMessage",
                          [32m+[0m [0m"ec2messages:DeleteMessage",
                          [32m+[0m [0m"ec2messages:FailMessage",
                          [32m+[0m [0m"ec2messages:GetEndpoint",
                          [32m+[0m [0m"ec2messages:GetMessages",
                          [32m+[0m [0m"ec2messages:SendReply",
                        ]
                      [32m+[0m [0mEffect   = "Allow"
                      [32m+[0m [0mResource = "*"
                    },
                ]
              [32m+[0m [0mVersion   = "2012-10-17"
            }
        )
      [32m+[0m [0m[1m[0mrole[0m[0m   = (known after apply)
    }

[1m  # aws_iam_user.mobilise_academy[0m will be created[0m[0m
[0m  [32m+[0m[0m resource "aws_iam_user" "mobilise_academy" {
      [32m+[0m [0m[1m[0marn[0m[0m           = (known after apply)
      [32m+[0m [0m[1m[0mforce_destroy[0m[0m = false
      [32m+[0m [0m[1m[0mid[0m[0m            = (known after apply)
      [32m+[0m [0m[1m[0mname[0m[0m          = "mobilise-academy"
      [32m+[0m [0m[1m[0mpath[0m[0m          = "/"
      [32m+[0m [0m[1m[0mtags_all[0m[0m      = (known after apply)
      [32m+[0m [0m[1m[0munique_id[0m[0m     = (known after apply)
    }

[1m  # aws_iam_user_policy.s3_full_access[0m will be created[0m[0m
[0m  [32m+[0m[0m resource "aws_iam_user_policy" "s3_full_access" {
      [32m+[0m [0m[1m[0mid[0m[0m     = (known after apply)
      [32m+[0m [0m[1m[0mname[0m[0m   = "s3-full-access-policy"
      [32m+[0m [0m[1m[0mpolicy[0m[0m = jsonencode(
            {
              [32m+[0m [0mStatement = [
                  [32m+[0m [0m{
                      [32m+[0m [0mAction   = [
                          [32m+[0m [0m"s3:*",
                          [32m+[0m [0m"s3-object-lambda:*",
                        ]
                      [32m+[0m [0mEffect   = "Allow"
                      [32m+[0m [0mResource = "*"
                    },
                ]
              [32m+[0m [0mVersion   = "2012-10-17"
            }
        )
      [32m+[0m [0m[1m[0muser[0m[0m   = "mobilise-academy"
    }

[1m  # aws_instance.instance_standard["bastion_host"][0m will be created[0m[0m
[0m  [32m+[0m[0m resource "aws_instance" "instance_standard" {
      [32m+[0m [0m[1m[0mami[0m[0m                                  = "ami-0bd2099338bc55e6d"
      [32m+[0m [0m[1m[0marn[0m[0m                                  = (known after apply)
      [32m+[0m [0m[1m[0massociate_public_ip_address[0m[0m          = true
      [32m+[0m [0m[1m[0mavailability_zone[0m[0m                    = (known after apply)
      [32m+[0m [0m[1m[0mcpu_core_count[0m[0m                       = (known after apply)
      [32m+[0m [0m[1m[0mcpu_threads_per_core[0m[0m                 = (known after apply)
      [32m+[0m [0m[1m[0mdisable_api_stop[0m[0m                     = (known after apply)
      [32m+[0m [0m[1m[0mdisable_api_termination[0m[0m              = (known after apply)
      [32m+[0m [0m[1m[0mebs_optimized[0m[0m                        = (known after apply)
      [32m+[0m [0m[1m[0mget_password_data[0m[0m                    = false
      [32m+[0m [0m[1m[0mhost_id[0m[0m                              = (known after apply)
      [32m+[0m [0m[1m[0miam_instance_profile[0m[0m                 = "instance_iam_role-iam-ip"
      [32m+[0m [0m[1m[0mid[0m[0m                                   = (known after apply)
      [32m+[0m [0m[1m[0minstance_initiated_shutdown_behavior[0m[0m = (known after apply)
      [32m+[0m [0m[1m[0minstance_state[0m[0m                       = (known after apply)
      [32m+[0m [0m[1m[0minstance_type[0m[0m                        = "t2.micro"
      [32m+[0m [0m[1m[0mipv6_address_count[0m[0m                   = (known after apply)
      [32m+[0m [0m[1m[0mipv6_addresses[0m[0m                       = (known after apply)
      [32m+[0m [0m[1m[0mkey_name[0m[0m                             = "mobilise-rs-key-pair"
      [32m+[0m [0m[1m[0mmonitoring[0m[0m                           = (known after apply)
      [32m+[0m [0m[1m[0moutpost_arn[0m[0m                          = (known after apply)
      [32m+[0m [0m[1m[0mpassword_data[0m[0m                        = (known after apply)
      [32m+[0m [0m[1m[0mplacement_group[0m[0m                      = (known after apply)
      [32m+[0m [0m[1m[0mplacement_partition_number[0m[0m           = (known after apply)
      [32m+[0m [0m[1m[0mprimary_network_interface_id[0m[0m         = (known after apply)
      [32m+[0m [0m[1m[0mprivate_dns[0m[0m                          = (known after apply)
      [32m+[0m [0m[1m[0mprivate_ip[0m[0m                           = "10.0.0.20"
      [32m+[0m [0m[1m[0mpublic_dns[0m[0m                           = (known after apply)
      [32m+[0m [0m[1m[0mpublic_ip[0m[0m                            = (known after apply)
      [32m+[0m [0m[1m[0msecondary_private_ips[0m[0m                = (known after apply)
      [32m+[0m [0m[1m[0msecurity_groups[0m[0m                      = (known after apply)
      [32m+[0m [0m[1m[0msource_dest_check[0m[0m                    = true
      [32m+[0m [0m[1m[0msubnet_id[0m[0m                            = (known after apply)
      [32m+[0m [0m[1m[0mtags[0m[0m                                 = {
          [32m+[0m [0m"DeployedBy"  = "richard.shaw"
          [32m+[0m [0m"Environment" = "account-A"
          [32m+[0m [0m"Name"        = "mob-account-A-bastion-host"
          [32m+[0m [0m"Owner"       = ""
          [32m+[0m [0m"Project"     = "mobilise-academy"
        }
      [32m+[0m [0m[1m[0mtags_all[0m[0m                             = {
          [32m+[0m [0m"DeployedBy"  = "richard.shaw"
          [32m+[0m [0m"Environment" = "account-A"
          [32m+[0m [0m"Name"        = "mob-account-A-bastion-host"
          [32m+[0m [0m"Owner"       = (known after apply)
          [32m+[0m [0m"Project"     = "mobilise-academy"
        }
      [32m+[0m [0m[1m[0mtenancy[0m[0m                              = (known after apply)
      [32m+[0m [0m[1m[0muser_data[0m[0m                            = (known after apply)
      [32m+[0m [0m[1m[0muser_data_base64[0m[0m                     = (known after apply)
      [32m+[0m [0m[1m[0muser_data_replace_on_change[0m[0m          = false
      [32m+[0m [0m[1m[0mvpc_security_group_ids[0m[0m               = [
          [32m+[0m [0m"ssh_from_internet",
        ]

      [32m+[0m [0mcapacity_reservation_specification {
          [32m+[0m [0m[1m[0mcapacity_reservation_preference[0m[0m = (known after apply)

          [32m+[0m [0mcapacity_reservation_target {
              [32m+[0m [0m[1m[0mcapacity_reservation_id[0m[0m                 = (known after apply)
              [32m+[0m [0m[1m[0mcapacity_reservation_resource_group_arn[0m[0m = (known after apply)
            }
        }

      [32m+[0m [0mebs_block_device {
          [32m+[0m [0m[1m[0mdelete_on_termination[0m[0m = (known after apply)
          [32m+[0m [0m[1m[0mdevice_name[0m[0m           = (known after apply)
          [32m+[0m [0m[1m[0mencrypted[0m[0m             = (known after apply)
          [32m+[0m [0m[1m[0miops[0m[0m                  = (known after apply)
          [32m+[0m [0m[1m[0mkms_key_id[0m[0m            = (known after apply)
          [32m+[0m [0m[1m[0msnapshot_id[0m[0m           = (known after apply)
          [32m+[0m [0m[1m[0mtags[0m[0m                  = (known after apply)
          [32m+[0m [0m[1m[0mthroughput[0m[0m            = (known after apply)
          [32m+[0m [0m[1m[0mvolume_id[0m[0m             = (known after apply)
          [32m+[0m [0m[1m[0mvolume_size[0m[0m           = (known after apply)
          [32m+[0m [0m[1m[0mvolume_type[0m[0m           = (known after apply)
        }

      [32m+[0m [0menclave_options {
          [32m+[0m [0m[1m[0menabled[0m[0m = (known after apply)
        }

      [32m+[0m [0mephemeral_block_device {
          [32m+[0m [0m[1m[0mdevice_name[0m[0m  = (known after apply)
          [32m+[0m [0m[1m[0mno_device[0m[0m    = (known after apply)
          [32m+[0m [0m[1m[0mvirtual_name[0m[0m = (known after apply)
        }

      [32m+[0m [0mmaintenance_options {
          [32m+[0m [0m[1m[0mauto_recovery[0m[0m = (known after apply)
        }

      [32m+[0m [0mmetadata_options {
          [32m+[0m [0m[1m[0mhttp_endpoint[0m[0m               = (known after apply)
          [32m+[0m [0m[1m[0mhttp_put_response_hop_limit[0m[0m = (known after apply)
          [32m+[0m [0m[1m[0mhttp_tokens[0m[0m                 = (known after apply)
          [32m+[0m [0m[1m[0minstance_metadata_tags[0m[0m      = (known after apply)
        }

      [32m+[0m [0mnetwork_interface {
          [32m+[0m [0m[1m[0mdelete_on_termination[0m[0m = (known after apply)
          [32m+[0m [0m[1m[0mdevice_index[0m[0m          = (known after apply)
          [32m+[0m [0m[1m[0mnetwork_card_index[0m[0m    = (known after apply)
          [32m+[0m [0m[1m[0mnetwork_interface_id[0m[0m  = (known after apply)
        }

      [32m+[0m [0mprivate_dns_name_options {
          [32m+[0m [0m[1m[0menable_resource_name_dns_a_record[0m[0m    = (known after apply)
          [32m+[0m [0m[1m[0menable_resource_name_dns_aaaa_record[0m[0m = (known after apply)
          [32m+[0m [0m[1m[0mhostname_type[0m[0m                        = (known after apply)
        }

      [32m+[0m [0mroot_block_device {
          [32m+[0m [0m[1m[0mdelete_on_termination[0m[0m = (known after apply)
          [32m+[0m [0m[1m[0mdevice_name[0m[0m           = (known after apply)
          [32m+[0m [0m[1m[0mencrypted[0m[0m             = (known after apply)
          [32m+[0m [0m[1m[0miops[0m[0m                  = (known after apply)
          [32m+[0m [0m[1m[0mkms_key_id[0m[0m            = (known after apply)
          [32m+[0m [0m[1m[0mtags[0m[0m                  = (known after apply)
          [32m+[0m [0m[1m[0mthroughput[0m[0m            = (known after apply)
          [32m+[0m [0m[1m[0mvolume_id[0m[0m             = (known after apply)
          [32m+[0m [0m[1m[0mvolume_size[0m[0m           = (known after apply)
          [32m+[0m [0m[1m[0mvolume_type[0m[0m           = (known after apply)
        }
    }

[1m  # aws_instance.instance_standard["squid_proxy_01"][0m will be created[0m[0m
[0m  [32m+[0m[0m resource "aws_instance" "instance_standard" {
      [32m+[0m [0m[1m[0mami[0m[0m                                  = "ami-0bd2099338bc55e6d"
      [32m+[0m [0m[1m[0marn[0m[0m                                  = (known after apply)
      [32m+[0m [0m[1m[0massociate_public_ip_address[0m[0m          = true
      [32m+[0m [0m[1m[0mavailability_zone[0m[0m                    = (known after apply)
      [32m+[0m [0m[1m[0mcpu_core_count[0m[0m                       = (known after apply)
      [32m+[0m [0m[1m[0mcpu_threads_per_core[0m[0m                 = (known after apply)
      [32m+[0m [0m[1m[0mdisable_api_stop[0m[0m                     = (known after apply)
      [32m+[0m [0m[1m[0mdisable_api_termination[0m[0m              = (known after apply)
      [32m+[0m [0m[1m[0mebs_optimized[0m[0m                        = (known after apply)
      [32m+[0m [0m[1m[0mget_password_data[0m[0m                    = false
      [32m+[0m [0m[1m[0mhost_id[0m[0m                              = (known after apply)
      [32m+[0m [0m[1m[0miam_instance_profile[0m[0m                 = "instance_iam_role-iam-ip"
      [32m+[0m [0m[1m[0mid[0m[0m                                   = (known after apply)
      [32m+[0m [0m[1m[0minstance_initiated_shutdown_behavior[0m[0m = (known after apply)
      [32m+[0m [0m[1m[0minstance_state[0m[0m                       = (known after apply)
      [32m+[0m [0m[1m[0minstance_type[0m[0m                        = "t2.micro"
      [32m+[0m [0m[1m[0mipv6_address_count[0m[0m                   = (known after apply)
      [32m+[0m [0m[1m[0mipv6_addresses[0m[0m                       = (known after apply)
      [32m+[0m [0m[1m[0mkey_name[0m[0m                             = "mobilise-rs-key-pair"
      [32m+[0m [0m[1m[0mmonitoring[0m[0m                           = (known after apply)
      [32m+[0m [0m[1m[0moutpost_arn[0m[0m                          = (known after apply)
      [32m+[0m [0m[1m[0mpassword_data[0m[0m                        = (known after apply)
      [32m+[0m [0m[1m[0mplacement_group[0m[0m                      = (known after apply)
      [32m+[0m [0m[1m[0mplacement_partition_number[0m[0m           = (known after apply)
      [32m+[0m [0m[1m[0mprimary_network_interface_id[0m[0m         = (known after apply)
      [32m+[0m [0m[1m[0mprivate_dns[0m[0m                          = (known after apply)
      [32m+[0m [0m[1m[0mprivate_ip[0m[0m                           = "10.0.0.10"
      [32m+[0m [0m[1m[0mpublic_dns[0m[0m                           = (known after apply)
      [32m+[0m [0m[1m[0mpublic_ip[0m[0m                            = (known after apply)
      [32m+[0m [0m[1m[0msecondary_private_ips[0m[0m                = (known after apply)
      [32m+[0m [0m[1m[0msecurity_groups[0m[0m                      = (known after apply)
      [32m+[0m [0m[1m[0msource_dest_check[0m[0m                    = true
      [32m+[0m [0m[1m[0msubnet_id[0m[0m                            = (known after apply)
      [32m+[0m [0m[1m[0mtags[0m[0m                                 = {
          [32m+[0m [0m"DeployedBy"  = "richard.shaw"
          [32m+[0m [0m"Environment" = "account-A"
          [32m+[0m [0m"Name"        = "mob-account-A-squid-proxy-01"
          [32m+[0m [0m"Owner"       = ""
          [32m+[0m [0m"Project"     = "mobilise-academy"
        }
      [32m+[0m [0m[1m[0mtags_all[0m[0m                             = {
          [32m+[0m [0m"DeployedBy"  = "richard.shaw"
          [32m+[0m [0m"Environment" = "account-A"
          [32m+[0m [0m"Name"        = "mob-account-A-squid-proxy-01"
          [32m+[0m [0m"Owner"       = (known after apply)
          [32m+[0m [0m"Project"     = "mobilise-academy"
        }
      [32m+[0m [0m[1m[0mtenancy[0m[0m                              = (known after apply)
      [32m+[0m [0m[1m[0muser_data[0m[0m                            = "38efe6f7607a233aa8adadaf1febef4ce9f1c0f5"
      [32m+[0m [0m[1m[0muser_data_base64[0m[0m                     = (known after apply)
      [32m+[0m [0m[1m[0muser_data_replace_on_change[0m[0m          = false
      [32m+[0m [0m[1m[0mvpc_security_group_ids[0m[0m               = [
          [32m+[0m [0m"squid_sg",
        ]

      [32m+[0m [0mcapacity_reservation_specification {
          [32m+[0m [0m[1m[0mcapacity_reservation_preference[0m[0m = (known after apply)

          [32m+[0m [0mcapacity_reservation_target {
              [32m+[0m [0m[1m[0mcapacity_reservation_id[0m[0m                 = (known after apply)
              [32m+[0m [0m[1m[0mcapacity_reservation_resource_group_arn[0m[0m = (known after apply)
            }
        }

      [32m+[0m [0mebs_block_device {
          [32m+[0m [0m[1m[0mdelete_on_termination[0m[0m = (known after apply)
          [32m+[0m [0m[1m[0mdevice_name[0m[0m           = (known after apply)
          [32m+[0m [0m[1m[0mencrypted[0m[0m             = (known after apply)
          [32m+[0m [0m[1m[0miops[0m[0m                  = (known after apply)
          [32m+[0m [0m[1m[0mkms_key_id[0m[0m            = (known after apply)
          [32m+[0m [0m[1m[0msnapshot_id[0m[0m           = (known after apply)
          [32m+[0m [0m[1m[0mtags[0m[0m                  = (known after apply)
          [32m+[0m [0m[1m[0mthroughput[0m[0m            = (known after apply)
          [32m+[0m [0m[1m[0mvolume_id[0m[0m             = (known after apply)
          [32m+[0m [0m[1m[0mvolume_size[0m[0m           = (known after apply)
          [32m+[0m [0m[1m[0mvolume_type[0m[0m           = (known after apply)
        }

      [32m+[0m [0menclave_options {
          [32m+[0m [0m[1m[0menabled[0m[0m = (known after apply)
        }

      [32m+[0m [0mephemeral_block_device {
          [32m+[0m [0m[1m[0mdevice_name[0m[0m  = (known after apply)
          [32m+[0m [0m[1m[0mno_device[0m[0m    = (known after apply)
          [32m+[0m [0m[1m[0mvirtual_name[0m[0m = (known after apply)
        }

      [32m+[0m [0mmaintenance_options {
          [32m+[0m [0m[1m[0mauto_recovery[0m[0m = (known after apply)
        }

      [32m+[0m [0mmetadata_options {
          [32m+[0m [0m[1m[0mhttp_endpoint[0m[0m               = (known after apply)
          [32m+[0m [0m[1m[0mhttp_put_response_hop_limit[0m[0m = (known after apply)
          [32m+[0m [0m[1m[0mhttp_tokens[0m[0m                 = (known after apply)
          [32m+[0m [0m[1m[0minstance_metadata_tags[0m[0m      = (known after apply)
        }

      [32m+[0m [0mnetwork_interface {
          [32m+[0m [0m[1m[0mdelete_on_termination[0m[0m = (known after apply)
          [32m+[0m [0m[1m[0mdevice_index[0m[0m          = (known after apply)
          [32m+[0m [0m[1m[0mnetwork_card_index[0m[0m    = (known after apply)
          [32m+[0m [0m[1m[0mnetwork_interface_id[0m[0m  = (known after apply)
        }

      [32m+[0m [0mprivate_dns_name_options {
          [32m+[0m [0m[1m[0menable_resource_name_dns_a_record[0m[0m    = (known after apply)
          [32m+[0m [0m[1m[0menable_resource_name_dns_aaaa_record[0m[0m = (known after apply)
          [32m+[0m [0m[1m[0mhostname_type[0m[0m                        = (known after apply)
        }

      [32m+[0m [0mroot_block_device {
          [32m+[0m [0m[1m[0mdelete_on_termination[0m[0m = (known after apply)
          [32m+[0m [0m[1m[0mdevice_name[0m[0m           = (known after apply)
          [32m+[0m [0m[1m[0mencrypted[0m[0m             = (known after apply)
          [32m+[0m [0m[1m[0miops[0m[0m                  = (known after apply)
          [32m+[0m [0m[1m[0mkms_key_id[0m[0m            = (known after apply)
          [32m+[0m [0m[1m[0mtags[0m[0m                  = (known after apply)
          [32m+[0m [0m[1m[0mthroughput[0m[0m            = (known after apply)
          [32m+[0m [0m[1m[0mvolume_id[0m[0m             = (known after apply)
          [32m+[0m [0m[1m[0mvolume_size[0m[0m           = (known after apply)
          [32m+[0m [0m[1m[0mvolume_type[0m[0m           = (known after apply)
        }
    }

[1m  # aws_instance.instance_standard["squid_proxy_02"][0m will be created[0m[0m
[0m  [32m+[0m[0m resource "aws_instance" "instance_standard" {
      [32m+[0m [0m[1m[0mami[0m[0m                                  = "ami-0bd2099338bc55e6d"
      [32m+[0m [0m[1m[0marn[0m[0m                                  = (known after apply)
      [32m+[0m [0m[1m[0massociate_public_ip_address[0m[0m          = true
      [32m+[0m [0m[1m[0mavailability_zone[0m[0m                    = (known after apply)
      [32m+[0m [0m[1m[0mcpu_core_count[0m[0m                       = (known after apply)
      [32m+[0m [0m[1m[0mcpu_threads_per_core[0m[0m                 = (known after apply)
      [32m+[0m [0m[1m[0mdisable_api_stop[0m[0m                     = (known after apply)
      [32m+[0m [0m[1m[0mdisable_api_termination[0m[0m              = (known after apply)
      [32m+[0m [0m[1m[0mebs_optimized[0m[0m                        = (known after apply)
      [32m+[0m [0m[1m[0mget_password_data[0m[0m                    = false
      [32m+[0m [0m[1m[0mhost_id[0m[0m                              = (known after apply)
      [32m+[0m [0m[1m[0miam_instance_profile[0m[0m                 = "instance_iam_role-iam-ip"
      [32m+[0m [0m[1m[0mid[0m[0m                                   = (known after apply)
      [32m+[0m [0m[1m[0minstance_initiated_shutdown_behavior[0m[0m = (known after apply)
      [32m+[0m [0m[1m[0minstance_state[0m[0m                       = (known after apply)
      [32m+[0m [0m[1m[0minstance_type[0m[0m                        = "t2.micro"
      [32m+[0m [0m[1m[0mipv6_address_count[0m[0m                   = (known after apply)
      [32m+[0m [0m[1m[0mipv6_addresses[0m[0m                       = (known after apply)
      [32m+[0m [0m[1m[0mkey_name[0m[0m                             = "mobilise-rs-key-pair"
      [32m+[0m [0m[1m[0mmonitoring[0m[0m                           = (known after apply)
      [32m+[0m [0m[1m[0moutpost_arn[0m[0m                          = (known after apply)
      [32m+[0m [0m[1m[0mpassword_data[0m[0m                        = (known after apply)
      [32m+[0m [0m[1m[0mplacement_group[0m[0m                      = (known after apply)
      [32m+[0m [0m[1m[0mplacement_partition_number[0m[0m           = (known after apply)
      [32m+[0m [0m[1m[0mprimary_network_interface_id[0m[0m         = (known after apply)
      [32m+[0m [0m[1m[0mprivate_dns[0m[0m                          = (known after apply)
      [32m+[0m [0m[1m[0mprivate_ip[0m[0m                           = "10.0.0.40"
      [32m+[0m [0m[1m[0mpublic_dns[0m[0m                           = (known after apply)
      [32m+[0m [0m[1m[0mpublic_ip[0m[0m                            = (known after apply)
      [32m+[0m [0m[1m[0msecondary_private_ips[0m[0m                = (known after apply)
      [32m+[0m [0m[1m[0msecurity_groups[0m[0m                      = (known after apply)
      [32m+[0m [0m[1m[0msource_dest_check[0m[0m                    = true
      [32m+[0m [0m[1m[0msubnet_id[0m[0m                            = (known after apply)
      [32m+[0m [0m[1m[0mtags[0m[0m                                 = {
          [32m+[0m [0m"DeployedBy"  = "richard.shaw"
          [32m+[0m [0m"Environment" = "account-A"
          [32m+[0m [0m"Name"        = "mob-account-A-squid-proxy-02"
          [32m+[0m [0m"Owner"       = ""
          [32m+[0m [0m"Project"     = "mobilise-academy"
        }
      [32m+[0m [0m[1m[0mtags_all[0m[0m                             = {
          [32m+[0m [0m"DeployedBy"  = "richard.shaw"
          [32m+[0m [0m"Environment" = "account-A"
          [32m+[0m [0m"Name"        = "mob-account-A-squid-proxy-02"
          [32m+[0m [0m"Owner"       = (known after apply)
          [32m+[0m [0m"Project"     = "mobilise-academy"
        }
      [32m+[0m [0m[1m[0mtenancy[0m[0m                              = (known after apply)
      [32m+[0m [0m[1m[0muser_data[0m[0m                            = "38efe6f7607a233aa8adadaf1febef4ce9f1c0f5"
      [32m+[0m [0m[1m[0muser_data_base64[0m[0m                     = (known after apply)
      [32m+[0m [0m[1m[0muser_data_replace_on_change[0m[0m          = false
      [32m+[0m [0m[1m[0mvpc_security_group_ids[0m[0m               = [
          [32m+[0m [0m"squid_sg",
        ]

      [32m+[0m [0mcapacity_reservation_specification {
          [32m+[0m [0m[1m[0mcapacity_reservation_preference[0m[0m = (known after apply)

          [32m+[0m [0mcapacity_reservation_target {
              [32m+[0m [0m[1m[0mcapacity_reservation_id[0m[0m                 = (known after apply)
              [32m+[0m [0m[1m[0mcapacity_reservation_resource_group_arn[0m[0m = (known after apply)
            }
        }

      [32m+[0m [0mebs_block_device {
          [32m+[0m [0m[1m[0mdelete_on_termination[0m[0m = (known after apply)
          [32m+[0m [0m[1m[0mdevice_name[0m[0m           = (known after apply)
          [32m+[0m [0m[1m[0mencrypted[0m[0m             = (known after apply)
          [32m+[0m [0m[1m[0miops[0m[0m                  = (known after apply)
          [32m+[0m [0m[1m[0mkms_key_id[0m[0m            = (known after apply)
          [32m+[0m [0m[1m[0msnapshot_id[0m[0m           = (known after apply)
          [32m+[0m [0m[1m[0mtags[0m[0m                  = (known after apply)
          [32m+[0m [0m[1m[0mthroughput[0m[0m            = (known after apply)
          [32m+[0m [0m[1m[0mvolume_id[0m[0m             = (known after apply)
          [32m+[0m [0m[1m[0mvolume_size[0m[0m           = (known after apply)
          [32m+[0m [0m[1m[0mvolume_type[0m[0m           = (known after apply)
        }

      [32m+[0m [0menclave_options {
          [32m+[0m [0m[1m[0menabled[0m[0m = (known after apply)
        }

      [32m+[0m [0mephemeral_block_device {
          [32m+[0m [0m[1m[0mdevice_name[0m[0m  = (known after apply)
          [32m+[0m [0m[1m[0mno_device[0m[0m    = (known after apply)
          [32m+[0m [0m[1m[0mvirtual_name[0m[0m = (known after apply)
        }

      [32m+[0m [0mmaintenance_options {
          [32m+[0m [0m[1m[0mauto_recovery[0m[0m = (known after apply)
        }

      [32m+[0m [0mmetadata_options {
          [32m+[0m [0m[1m[0mhttp_endpoint[0m[0m               = (known after apply)
          [32m+[0m [0m[1m[0mhttp_put_response_hop_limit[0m[0m = (known after apply)
          [32m+[0m [0m[1m[0mhttp_tokens[0m[0m                 = (known after apply)
          [32m+[0m [0m[1m[0minstance_metadata_tags[0m[0m      = (known after apply)
        }

      [32m+[0m [0mnetwork_interface {
          [32m+[0m [0m[1m[0mdelete_on_termination[0m[0m = (known after apply)
          [32m+[0m [0m[1m[0mdevice_index[0m[0m          = (known after apply)
          [32m+[0m [0m[1m[0mnetwork_card_index[0m[0m    = (known after apply)
          [32m+[0m [0m[1m[0mnetwork_interface_id[0m[0m  = (known after apply)
        }

      [32m+[0m [0mprivate_dns_name_options {
          [32m+[0m [0m[1m[0menable_resource_name_dns_a_record[0m[0m    = (known after apply)
          [32m+[0m [0m[1m[0menable_resource_name_dns_aaaa_record[0m[0m = (known after apply)
          [32m+[0m [0m[1m[0mhostname_type[0m[0m                        = (known after apply)
        }

      [32m+[0m [0mroot_block_device {
          [32m+[0m [0m[1m[0mdelete_on_termination[0m[0m = (known after apply)
          [32m+[0m [0m[1m[0mdevice_name[0m[0m           = (known after apply)
          [32m+[0m [0m[1m[0mencrypted[0m[0m             = (known after apply)
          [32m+[0m [0m[1m[0miops[0m[0m                  = (known after apply)
          [32m+[0m [0m[1m[0mkms_key_id[0m[0m            = (known after apply)
          [32m+[0m [0m[1m[0mtags[0m[0m                  = (known after apply)
          [32m+[0m [0m[1m[0mthroughput[0m[0m            = (known after apply)
          [32m+[0m [0m[1m[0mvolume_id[0m[0m             = (known after apply)
          [32m+[0m [0m[1m[0mvolume_size[0m[0m           = (known after apply)
          [32m+[0m [0m[1m[0mvolume_type[0m[0m           = (known after apply)
        }
    }

[1m  # aws_internet_gateway.env_igw[0][0m will be created[0m[0m
[0m  [32m+[0m[0m resource "aws_internet_gateway" "env_igw" {
      [32m+[0m [0m[1m[0marn[0m[0m      = (known after apply)
      [32m+[0m [0m[1m[0mid[0m[0m       = (known after apply)
      [32m+[0m [0m[1m[0mowner_id[0m[0m = (known after apply)
      [32m+[0m [0m[1m[0mtags[0m[0m     = {
          [32m+[0m [0m"DeployedBy"  = "richard.shaw"
          [32m+[0m [0m"Environment" = "account-A"
          [32m+[0m [0m"Name"        = "mob-account-A-igw"
          [32m+[0m [0m"Owner"       = "Mob-academy"
          [32m+[0m [0m"Project"     = "Workshop"
        }
      [32m+[0m [0m[1m[0mtags_all[0m[0m = {
          [32m+[0m [0m"DeployedBy"  = "richard.shaw"
          [32m+[0m [0m"Environment" = "account-A"
          [32m+[0m [0m"Name"        = "mob-account-A-igw"
          [32m+[0m [0m"Owner"       = "Mob-academy"
          [32m+[0m [0m"Project"     = "Workshop"
        }
      [32m+[0m [0m[1m[0mvpc_id[0m[0m   = (known after apply)
    }

[1m  # aws_lb.env_lb_nlb["squid_nlb"][0m will be created[0m[0m
[0m  [32m+[0m[0m resource "aws_lb" "env_lb_nlb" {
      [32m+[0m [0m[1m[0marn[0m[0m                              = (known after apply)
      [32m+[0m [0m[1m[0marn_suffix[0m[0m                       = (known after apply)
      [32m+[0m [0m[1m[0mdns_name[0m[0m                         = (known after apply)
      [32m+[0m [0m[1m[0menable_cross_zone_load_balancing[0m[0m = false
      [32m+[0m [0m[1m[0menable_deletion_protection[0m[0m       = false
      [32m+[0m [0m[1m[0mid[0m[0m                               = (known after apply)
      [32m+[0m [0m[1m[0minternal[0m[0m                         = false
      [32m+[0m [0m[1m[0mip_address_type[0m[0m                  = (known after apply)
      [32m+[0m [0m[1m[0mload_balancer_type[0m[0m               = "network"
      [32m+[0m [0m[1m[0mname[0m[0m                             = "mob-account-A-squid-nlb"
      [32m+[0m [0m[1m[0msecurity_groups[0m[0m                  = (known after apply)
      [32m+[0m [0m[1m[0msubnets[0m[0m                          = (known after apply)
      [32m+[0m [0m[1m[0mtags[0m[0m                             = (known after apply)
      [32m+[0m [0m[1m[0mtags_all[0m[0m                         = (known after apply)
      [32m+[0m [0m[1m[0mvpc_id[0m[0m                           = (known after apply)
      [32m+[0m [0m[1m[0mzone_id[0m[0m                          = (known after apply)

      [32m+[0m [0msubnet_mapping {
          [32m+[0m [0m[1m[0mallocation_id[0m[0m        = (known after apply)
          [32m+[0m [0m[1m[0mipv6_address[0m[0m         = (known after apply)
          [32m+[0m [0m[1m[0moutpost_id[0m[0m           = (known after apply)
          [32m+[0m [0m[1m[0mprivate_ipv4_address[0m[0m = (known after apply)
          [32m+[0m [0m[1m[0msubnet_id[0m[0m            = (known after apply)
        }
    }

[1m  # aws_lb_target_group.env_lb_nlb_tg["squid_nlb_tg_01"][0m will be created[0m[0m
[0m  [32m+[0m[0m resource "aws_lb_target_group" "env_lb_nlb_tg" {
      [32m+[0m [0m[1m[0marn[0m[0m                                = (known after apply)
      [32m+[0m [0m[1m[0marn_suffix[0m[0m                         = (known after apply)
      [32m+[0m [0m[1m[0mconnection_termination[0m[0m             = false
      [32m+[0m [0m[1m[0mderegistration_delay[0m[0m               = "300"
      [32m+[0m [0m[1m[0mid[0m[0m                                 = (known after apply)
      [32m+[0m [0m[1m[0mlambda_multi_value_headers_enabled[0m[0m = false
      [32m+[0m [0m[1m[0mload_balancing_algorithm_type[0m[0m      = (known after apply)
      [32m+[0m [0m[1m[0mname[0m[0m                               = "mob-account-A-squid-tg-1"
      [32m+[0m [0m[1m[0mport[0m[0m                               = 80
      [32m+[0m [0m[1m[0mpreserve_client_ip[0m[0m                 = (known after apply)
      [32m+[0m [0m[1m[0mprotocol[0m[0m                           = "TCP"
      [32m+[0m [0m[1m[0mprotocol_version[0m[0m                   = (known after apply)
      [32m+[0m [0m[1m[0mproxy_protocol_v2[0m[0m                  = false
      [32m+[0m [0m[1m[0mslow_start[0m[0m                         = 0
      [32m+[0m [0m[1m[0mtags_all[0m[0m                           = (known after apply)
      [32m+[0m [0m[1m[0mtarget_type[0m[0m                        = "instance"
      [32m+[0m [0m[1m[0mvpc_id[0m[0m                             = (known after apply)

      [32m+[0m [0mhealth_check {
          [32m+[0m [0m[1m[0menabled[0m[0m             = true
          [32m+[0m [0m[1m[0mhealthy_threshold[0m[0m   = 3
          [32m+[0m [0m[1m[0minterval[0m[0m            = 10
          [32m+[0m [0m[1m[0mmatcher[0m[0m             = (known after apply)
          [32m+[0m [0m[1m[0mpath[0m[0m                = (known after apply)
          [32m+[0m [0m[1m[0mport[0m[0m                = "traffic-port"
          [32m+[0m [0m[1m[0mprotocol[0m[0m            = "TCP"
          [32m+[0m [0m[1m[0mtimeout[0m[0m             = (known after apply)
          [32m+[0m [0m[1m[0munhealthy_threshold[0m[0m = 3
        }

      [32m+[0m [0mstickiness {
          [32m+[0m [0m[1m[0mcookie_duration[0m[0m = (known after apply)
          [32m+[0m [0m[1m[0mcookie_name[0m[0m     = (known after apply)
          [32m+[0m [0m[1m[0menabled[0m[0m         = (known after apply)
          [32m+[0m [0m[1m[0mtype[0m[0m            = (known after apply)
        }
    }

[1m  # aws_nat_gateway.env_ngw[0][0m will be created[0m[0m
[0m  [32m+[0m[0m resource "aws_nat_gateway" "env_ngw" {
      [32m+[0m [0m[1m[0mallocation_id[0m[0m        = (known after apply)
      [32m+[0m [0m[1m[0mconnectivity_type[0m[0m    = "public"
      [32m+[0m [0m[1m[0mid[0m[0m                   = (known after apply)
      [32m+[0m [0m[1m[0mnetwork_interface_id[0m[0m = (known after apply)
      [32m+[0m [0m[1m[0mprivate_ip[0m[0m           = (known after apply)
      [32m+[0m [0m[1m[0mpublic_ip[0m[0m            = (known after apply)
      [32m+[0m [0m[1m[0msubnet_id[0m[0m            = (known after apply)
      [32m+[0m [0m[1m[0mtags[0m[0m                 = {
          [32m+[0m [0m"DeployedBy"  = "richard.shaw"
          [32m+[0m [0m"Environment" = "account-A"
          [32m+[0m [0m"Name"        = "mob-account-A-ngw-a"
          [32m+[0m [0m"Owner"       = "Mob-academy"
          [32m+[0m [0m"Project"     = "Workshop"
        }
      [32m+[0m [0m[1m[0mtags_all[0m[0m             = {
          [32m+[0m [0m"DeployedBy"  = "richard.shaw"
          [32m+[0m [0m"Environment" = "account-A"
          [32m+[0m [0m"Name"        = "mob-account-A-ngw-a"
          [32m+[0m [0m"Owner"       = "Mob-academy"
          [32m+[0m [0m"Project"     = "Workshop"
        }
    }

[1m  # aws_ram_principal_association.ram_principal[0][0m will be created[0m[0m
[0m  [32m+[0m[0m resource "aws_ram_principal_association" "ram_principal" {
      [32m+[0m [0m[1m[0mid[0m[0m                 = (known after apply)
      [32m+[0m [0m[1m[0mprincipal[0m[0m          = "226283484947"
      [32m+[0m [0m[1m[0mresource_share_arn[0m[0m = (known after apply)
    }

[1m  # aws_ram_principal_association.ram_principal[1][0m will be created[0m[0m
[0m  [32m+[0m[0m resource "aws_ram_principal_association" "ram_principal" {
      [32m+[0m [0m[1m[0mid[0m[0m                 = (known after apply)
      [32m+[0m [0m[1m[0mprincipal[0m[0m          = "784943245565"
      [32m+[0m [0m[1m[0mresource_share_arn[0m[0m = (known after apply)
    }

[1m  # aws_ram_resource_association.env_ram_res_asoct[0][0m will be created[0m[0m
[0m  [32m+[0m[0m resource "aws_ram_resource_association" "env_ram_res_asoct" {
      [32m+[0m [0m[1m[0mid[0m[0m                 = (known after apply)
      [32m+[0m [0m[1m[0mresource_arn[0m[0m       = (known after apply)
      [32m+[0m [0m[1m[0mresource_share_arn[0m[0m = (known after apply)
    }

[1m  # aws_ram_resource_share.env_ram_share[0][0m will be created[0m[0m
[0m  [32m+[0m[0m resource "aws_ram_resource_share" "env_ram_share" {
      [32m+[0m [0m[1m[0mallow_external_principals[0m[0m = true
      [32m+[0m [0m[1m[0marn[0m[0m                       = (known after apply)
      [32m+[0m [0m[1m[0mid[0m[0m                        = (known after apply)
      [32m+[0m [0m[1m[0mname[0m[0m                      = "env_ram_share"
      [32m+[0m [0m[1m[0mpermission_arns[0m[0m           = (known after apply)
      [32m+[0m [0m[1m[0mtags_all[0m[0m                  = (known after apply)
    }

[1m  # aws_route.ngw_sub_01_to_internet[0][0m will be created[0m[0m
[0m  [32m+[0m[0m resource "aws_route" "ngw_sub_01_to_internet" {
      [32m+[0m [0m[1m[0mdestination_cidr_block[0m[0m = "0.0.0.0/0"
      [32m+[0m [0m[1m[0mgateway_id[0m[0m             = (known after apply)
      [32m+[0m [0m[1m[0mid[0m[0m                     = (known after apply)
      [32m+[0m [0m[1m[0minstance_id[0m[0m            = (known after apply)
      [32m+[0m [0m[1m[0minstance_owner_id[0m[0m      = (known after apply)
      [32m+[0m [0m[1m[0mnetwork_interface_id[0m[0m   = (known after apply)
      [32m+[0m [0m[1m[0morigin[0m[0m                 = (known after apply)
      [32m+[0m [0m[1m[0mroute_table_id[0m[0m         = (known after apply)
      [32m+[0m [0m[1m[0mstate[0m[0m                  = (known after apply)
    }

[1m  # aws_route.ngw_sub_01_to_vpc_b[0][0m will be created[0m[0m
[0m  [32m+[0m[0m resource "aws_route" "ngw_sub_01_to_vpc_b" {
      [32m+[0m [0m[1m[0mdestination_cidr_block[0m[0m = "10.1.0.0/16"
      [32m+[0m [0m[1m[0mgateway_id[0m[0m             = (known after apply)
      [32m+[0m [0m[1m[0mid[0m[0m                     = (known after apply)
      [32m+[0m [0m[1m[0minstance_id[0m[0m            = (known after apply)
      [32m+[0m [0m[1m[0minstance_owner_id[0m[0m      = (known after apply)
      [32m+[0m [0m[1m[0mnetwork_interface_id[0m[0m   = (known after apply)
      [32m+[0m [0m[1m[0morigin[0m[0m                 = (known after apply)
      [32m+[0m [0m[1m[0mroute_table_id[0m[0m         = (known after apply)
      [32m+[0m [0m[1m[0mstate[0m[0m                  = (known after apply)
    }

[1m  # aws_route.priv_sub_app_01_to_internet[0][0m will be created[0m[0m
[0m  [32m+[0m[0m resource "aws_route" "priv_sub_app_01_to_internet" {
      [32m+[0m [0m[1m[0mdestination_cidr_block[0m[0m = "0.0.0.0/0"
      [32m+[0m [0m[1m[0mgateway_id[0m[0m             = (known after apply)
      [32m+[0m [0m[1m[0mid[0m[0m                     = (known after apply)
      [32m+[0m [0m[1m[0minstance_id[0m[0m            = (known after apply)
      [32m+[0m [0m[1m[0minstance_owner_id[0m[0m      = (known after apply)
      [32m+[0m [0m[1m[0mnetwork_interface_id[0m[0m   = (known after apply)
      [32m+[0m [0m[1m[0morigin[0m[0m                 = (known after apply)
      [32m+[0m [0m[1m[0mroute_table_id[0m[0m         = (known after apply)
      [32m+[0m [0m[1m[0mstate[0m[0m                  = (known after apply)
    }

[1m  # aws_route.priv_sub_app_01_to_vpc_a[0][0m will be created[0m[0m
[0m  [32m+[0m[0m resource "aws_route" "priv_sub_app_01_to_vpc_a" {
      [32m+[0m [0m[1m[0mdestination_cidr_block[0m[0m = "10.0.0.0/16"
      [32m+[0m [0m[1m[0mgateway_id[0m[0m             = (known after apply)
      [32m+[0m [0m[1m[0mid[0m[0m                     = (known after apply)
      [32m+[0m [0m[1m[0minstance_id[0m[0m            = (known after apply)
      [32m+[0m [0m[1m[0minstance_owner_id[0m[0m      = (known after apply)
      [32m+[0m [0m[1m[0mnetwork_interface_id[0m[0m   = (known after apply)
      [32m+[0m [0m[1m[0morigin[0m[0m                 = (known after apply)
      [32m+[0m [0m[1m[0mroute_table_id[0m[0m         = (known after apply)
      [32m+[0m [0m[1m[0mstate[0m[0m                  = (known after apply)
    }

[1m  # aws_route.priv_sub_app_02_to_internet[0][0m will be created[0m[0m
[0m  [32m+[0m[0m resource "aws_route" "priv_sub_app_02_to_internet" {
      [32m+[0m [0m[1m[0mdestination_cidr_block[0m[0m = "0.0.0.0/0"
      [32m+[0m [0m[1m[0mgateway_id[0m[0m             = (known after apply)
      [32m+[0m [0m[1m[0mid[0m[0m                     = (known after apply)
      [32m+[0m [0m[1m[0minstance_id[0m[0m            = (known after apply)
      [32m+[0m [0m[1m[0minstance_owner_id[0m[0m      = (known after apply)
      [32m+[0m [0m[1m[0mnetwork_interface_id[0m[0m   = (known after apply)
      [32m+[0m [0m[1m[0morigin[0m[0m                 = (known after apply)
      [32m+[0m [0m[1m[0mroute_table_id[0m[0m         = (known after apply)
      [32m+[0m [0m[1m[0mstate[0m[0m                  = (known after apply)
    }

[1m  # aws_route.priv_sub_app_02_to_vpc_a[0][0m will be created[0m[0m
[0m  [32m+[0m[0m resource "aws_route" "priv_sub_app_02_to_vpc_a" {
      [32m+[0m [0m[1m[0mdestination_cidr_block[0m[0m = "10.0.0.0/16"
      [32m+[0m [0m[1m[0mgateway_id[0m[0m             = (known after apply)
      [32m+[0m [0m[1m[0mid[0m[0m                     = (known after apply)
      [32m+[0m [0m[1m[0minstance_id[0m[0m            = (known after apply)
      [32m+[0m [0m[1m[0minstance_owner_id[0m[0m      = (known after apply)
      [32m+[0m [0m[1m[0mnetwork_interface_id[0m[0m   = (known after apply)
      [32m+[0m [0m[1m[0morigin[0m[0m                 = (known after apply)
      [32m+[0m [0m[1m[0mroute_table_id[0m[0m         = (known after apply)
      [32m+[0m [0m[1m[0mstate[0m[0m                  = (known after apply)
    }

[1m  # aws_route.priv_sub_data_01_to_internet[0][0m will be created[0m[0m
[0m  [32m+[0m[0m resource "aws_route" "priv_sub_data_01_to_internet" {
      [32m+[0m [0m[1m[0mdestination_cidr_block[0m[0m = "0.0.0.0/0"
      [32m+[0m [0m[1m[0mgateway_id[0m[0m             = (known after apply)
      [32m+[0m [0m[1m[0mid[0m[0m                     = (known after apply)
      [32m+[0m [0m[1m[0minstance_id[0m[0m            = (known after apply)
      [32m+[0m [0m[1m[0minstance_owner_id[0m[0m      = (known after apply)
      [32m+[0m [0m[1m[0mnetwork_interface_id[0m[0m   = (known after apply)
      [32m+[0m [0m[1m[0morigin[0m[0m                 = (known after apply)
      [32m+[0m [0m[1m[0mroute_table_id[0m[0m         = (known after apply)
      [32m+[0m [0m[1m[0mstate[0m[0m                  = (known after apply)
    }

[1m  # aws_route.priv_sub_data_01_to_vpc_a[0][0m will be created[0m[0m
[0m  [32m+[0m[0m resource "aws_route" "priv_sub_data_01_to_vpc_a" {
      [32m+[0m [0m[1m[0mdestination_cidr_block[0m[0m = "10.0.0.0/16"
      [32m+[0m [0m[1m[0mgateway_id[0m[0m             = (known after apply)
      [32m+[0m [0m[1m[0mid[0m[0m                     = (known after apply)
      [32m+[0m [0m[1m[0minstance_id[0m[0m            = (known after apply)
      [32m+[0m [0m[1m[0minstance_owner_id[0m[0m      = (known after apply)
      [32m+[0m [0m[1m[0mnetwork_interface_id[0m[0m   = (known after apply)
      [32m+[0m [0m[1m[0morigin[0m[0m                 = (known after apply)
      [32m+[0m [0m[1m[0mroute_table_id[0m[0m         = (known after apply)
      [32m+[0m [0m[1m[0mstate[0m[0m                  = (known after apply)
    }

[1m  # aws_route.priv_sub_data_02_to_internet[0][0m will be created[0m[0m
[0m  [32m+[0m[0m resource "aws_route" "priv_sub_data_02_to_internet" {
      [32m+[0m [0m[1m[0mdestination_cidr_block[0m[0m = "0.0.0.0/0"
      [32m+[0m [0m[1m[0mgateway_id[0m[0m             = (known after apply)
      [32m+[0m [0m[1m[0mid[0m[0m                     = (known after apply)
      [32m+[0m [0m[1m[0minstance_id[0m[0m            = (known after apply)
      [32m+[0m [0m[1m[0minstance_owner_id[0m[0m      = (known after apply)
      [32m+[0m [0m[1m[0mnetwork_interface_id[0m[0m   = (known after apply)
      [32m+[0m [0m[1m[0morigin[0m[0m                 = (known after apply)
      [32m+[0m [0m[1m[0mroute_table_id[0m[0m         = (known after apply)
      [32m+[0m [0m[1m[0mstate[0m[0m                  = (known after apply)
    }

[1m  # aws_route.priv_sub_data_02_to_vpc_a[0][0m will be created[0m[0m
[0m  [32m+[0m[0m resource "aws_route" "priv_sub_data_02_to_vpc_a" {
      [32m+[0m [0m[1m[0mdestination_cidr_block[0m[0m = "10.0.0.0/16"
      [32m+[0m [0m[1m[0mgateway_id[0m[0m             = (known after apply)
      [32m+[0m [0m[1m[0mid[0m[0m                     = (known after apply)
      [32m+[0m [0m[1m[0minstance_id[0m[0m            = (known after apply)
      [32m+[0m [0m[1m[0minstance_owner_id[0m[0m      = (known after apply)
      [32m+[0m [0m[1m[0mnetwork_interface_id[0m[0m   = (known after apply)
      [32m+[0m [0m[1m[0morigin[0m[0m                 = (known after apply)
      [32m+[0m [0m[1m[0mroute_table_id[0m[0m         = (known after apply)
      [32m+[0m [0m[1m[0mstate[0m[0m                  = (known after apply)
    }

[1m  # aws_route.pub_sub_01_to_internet[0][0m will be created[0m[0m
[0m  [32m+[0m[0m resource "aws_route" "pub_sub_01_to_internet" {
      [32m+[0m [0m[1m[0mdestination_cidr_block[0m[0m = "0.0.0.0/0"
      [32m+[0m [0m[1m[0mgateway_id[0m[0m             = (known after apply)
      [32m+[0m [0m[1m[0mid[0m[0m                     = (known after apply)
      [32m+[0m [0m[1m[0minstance_id[0m[0m            = (known after apply)
      [32m+[0m [0m[1m[0minstance_owner_id[0m[0m      = (known after apply)
      [32m+[0m [0m[1m[0mnetwork_interface_id[0m[0m   = (known after apply)
      [32m+[0m [0m[1m[0morigin[0m[0m                 = (known after apply)
      [32m+[0m [0m[1m[0mroute_table_id[0m[0m         = (known after apply)
      [32m+[0m [0m[1m[0mstate[0m[0m                  = (known after apply)
    }

[1m  # aws_route.pub_sub_01_to_vpc_b[0][0m will be created[0m[0m
[0m  [32m+[0m[0m resource "aws_route" "pub_sub_01_to_vpc_b" {
      [32m+[0m [0m[1m[0mdestination_cidr_block[0m[0m = "10.1.0.0/16"
      [32m+[0m [0m[1m[0mgateway_id[0m[0m             = (known after apply)
      [32m+[0m [0m[1m[0mid[0m[0m                     = (known after apply)
      [32m+[0m [0m[1m[0minstance_id[0m[0m            = (known after apply)
      [32m+[0m [0m[1m[0minstance_owner_id[0m[0m      = (known after apply)
      [32m+[0m [0m[1m[0mnetwork_interface_id[0m[0m   = (known after apply)
      [32m+[0m [0m[1m[0morigin[0m[0m                 = (known after apply)
      [32m+[0m [0m[1m[0mroute_table_id[0m[0m         = (known after apply)
      [32m+[0m [0m[1m[0mstate[0m[0m                  = (known after apply)
    }

[1m  # aws_route.pub_sub_02_to_internet[0][0m will be created[0m[0m
[0m  [32m+[0m[0m resource "aws_route" "pub_sub_02_to_internet" {
      [32m+[0m [0m[1m[0mdestination_cidr_block[0m[0m = "0.0.0.0/0"
      [32m+[0m [0m[1m[0mgateway_id[0m[0m             = (known after apply)
      [32m+[0m [0m[1m[0mid[0m[0m                     = (known after apply)
      [32m+[0m [0m[1m[0minstance_id[0m[0m            = (known after apply)
      [32m+[0m [0m[1m[0minstance_owner_id[0m[0m      = (known after apply)
      [32m+[0m [0m[1m[0mnetwork_interface_id[0m[0m   = (known after apply)
      [32m+[0m [0m[1m[0morigin[0m[0m                 = (known after apply)
      [32m+[0m [0m[1m[0mroute_table_id[0m[0m         = (known after apply)
      [32m+[0m [0m[1m[0mstate[0m[0m                  = (known after apply)
    }

[1m  # aws_route.pub_sub_02_to_vpc_b[0][0m will be created[0m[0m
[0m  [32m+[0m[0m resource "aws_route" "pub_sub_02_to_vpc_b" {
      [32m+[0m [0m[1m[0mdestination_cidr_block[0m[0m = "10.1.0.0/16"
      [32m+[0m [0m[1m[0mgateway_id[0m[0m             = (known after apply)
      [32m+[0m [0m[1m[0mid[0m[0m                     = (known after apply)
      [32m+[0m [0m[1m[0minstance_id[0m[0m            = (known after apply)
      [32m+[0m [0m[1m[0minstance_owner_id[0m[0m      = (known after apply)
      [32m+[0m [0m[1m[0mnetwork_interface_id[0m[0m   = (known after apply)
      [32m+[0m [0m[1m[0morigin[0m[0m                 = (known after apply)
      [32m+[0m [0m[1m[0mroute_table_id[0m[0m         = (known after apply)
      [32m+[0m [0m[1m[0mstate[0m[0m                  = (known after apply)
    }

[1m  # aws_route.tgw_sub_01_to_internet[0][0m will be created[0m[0m
[0m  [32m+[0m[0m resource "aws_route" "tgw_sub_01_to_internet" {
      [32m+[0m [0m[1m[0mdestination_cidr_block[0m[0m = "0.0.0.0/0"
      [32m+[0m [0m[1m[0mgateway_id[0m[0m             = (known after apply)
      [32m+[0m [0m[1m[0mid[0m[0m                     = (known after apply)
      [32m+[0m [0m[1m[0minstance_id[0m[0m            = (known after apply)
      [32m+[0m [0m[1m[0minstance_owner_id[0m[0m      = (known after apply)
      [32m+[0m [0m[1m[0mnetwork_interface_id[0m[0m   = (known after apply)
      [32m+[0m [0m[1m[0morigin[0m[0m                 = (known after apply)
      [32m+[0m [0m[1m[0mroute_table_id[0m[0m         = (known after apply)
      [32m+[0m [0m[1m[0mstate[0m[0m                  = (known after apply)
    }

[1m  # aws_route.tgw_sub_01_to_vpc_b[0][0m will be created[0m[0m
[0m  [32m+[0m[0m resource "aws_route" "tgw_sub_01_to_vpc_b" {
      [32m+[0m [0m[1m[0mdestination_cidr_block[0m[0m = "10.1.0.0/16"
      [32m+[0m [0m[1m[0mgateway_id[0m[0m             = (known after apply)
      [32m+[0m [0m[1m[0mid[0m[0m                     = (known after apply)
      [32m+[0m [0m[1m[0minstance_id[0m[0m            = (known after apply)
      [32m+[0m [0m[1m[0minstance_owner_id[0m[0m      = (known after apply)
      [32m+[0m [0m[1m[0mnetwork_interface_id[0m[0m   = (known after apply)
      [32m+[0m [0m[1m[0morigin[0m[0m                 = (known after apply)
      [32m+[0m [0m[1m[0mroute_table_id[0m[0m         = (known after apply)
      [32m+[0m [0m[1m[0mstate[0m[0m                  = (known after apply)
    }

[1m  # aws_route.tgw_sub_02_to_internet[0][0m will be created[0m[0m
[0m  [32m+[0m[0m resource "aws_route" "tgw_sub_02_to_internet" {
      [32m+[0m [0m[1m[0mdestination_cidr_block[0m[0m = "0.0.0.0/0"
      [32m+[0m [0m[1m[0mgateway_id[0m[0m             = (known after apply)
      [32m+[0m [0m[1m[0mid[0m[0m                     = (known after apply)
      [32m+[0m [0m[1m[0minstance_id[0m[0m            = (known after apply)
      [32m+[0m [0m[1m[0minstance_owner_id[0m[0m      = (known after apply)
      [32m+[0m [0m[1m[0mnetwork_interface_id[0m[0m   = (known after apply)
      [32m+[0m [0m[1m[0morigin[0m[0m                 = (known after apply)
      [32m+[0m [0m[1m[0mroute_table_id[0m[0m         = (known after apply)
      [32m+[0m [0m[1m[0mstate[0m[0m                  = (known after apply)
    }

[1m  # aws_route.tgw_sub_02_to_vpc_b[0][0m will be created[0m[0m
[0m  [32m+[0m[0m resource "aws_route" "tgw_sub_02_to_vpc_b" {
      [32m+[0m [0m[1m[0mdestination_cidr_block[0m[0m = "10.1.0.0/16"
      [32m+[0m [0m[1m[0mgateway_id[0m[0m             = (known after apply)
      [32m+[0m [0m[1m[0mid[0m[0m                     = (known after apply)
      [32m+[0m [0m[1m[0minstance_id[0m[0m            = (known after apply)
      [32m+[0m [0m[1m[0minstance_owner_id[0m[0m      = (known after apply)
      [32m+[0m [0m[1m[0mnetwork_interface_id[0m[0m   = (known after apply)
      [32m+[0m [0m[1m[0morigin[0m[0m                 = (known after apply)
      [32m+[0m [0m[1m[0mroute_table_id[0m[0m         = (known after apply)
      [32m+[0m [0m[1m[0mstate[0m[0m                  = (known after apply)
    }

[1m  # aws_route_table.env_rt_tbl[0][0m will be created[0m[0m
[0m  [32m+[0m[0m resource "aws_route_table" "env_rt_tbl" {
      [32m+[0m [0m[1m[0marn[0m[0m              = (known after apply)
      [32m+[0m [0m[1m[0mid[0m[0m               = (known after apply)
      [32m+[0m [0m[1m[0mowner_id[0m[0m         = (known after apply)
      [32m+[0m [0m[1m[0mpropagating_vgws[0m[0m = (known after apply)
      [32m+[0m [0m[1m[0mroute[0m[0m            = (known after apply)
      [32m+[0m [0m[1m[0mtags[0m[0m             = {
          [32m+[0m [0m"DeployedBy"  = "richard.shaw"
          [32m+[0m [0m"Environment" = "account-A"
          [32m+[0m [0m"Name"        = "mob-account-A-public-rtbl-a"
          [32m+[0m [0m"Owner"       = "Mob-academy"
          [32m+[0m [0m"Project"     = "Workshop"
        }
      [32m+[0m [0m[1m[0mtags_all[0m[0m         = {
          [32m+[0m [0m"DeployedBy"  = "richard.shaw"
          [32m+[0m [0m"Environment" = "account-A"
          [32m+[0m [0m"Name"        = "mob-account-A-public-rtbl-a"
          [32m+[0m [0m"Owner"       = "Mob-academy"
          [32m+[0m [0m"Project"     = "Workshop"
        }
      [32m+[0m [0m[1m[0mvpc_id[0m[0m           = (known after apply)
    }

[1m  # aws_route_table.env_rt_tbl[1][0m will be created[0m[0m
[0m  [32m+[0m[0m resource "aws_route_table" "env_rt_tbl" {
      [32m+[0m [0m[1m[0marn[0m[0m              = (known after apply)
      [32m+[0m [0m[1m[0mid[0m[0m               = (known after apply)
      [32m+[0m [0m[1m[0mowner_id[0m[0m         = (known after apply)
      [32m+[0m [0m[1m[0mpropagating_vgws[0m[0m = (known after apply)
      [32m+[0m [0m[1m[0mroute[0m[0m            = (known after apply)
      [32m+[0m [0m[1m[0mtags[0m[0m             = {
          [32m+[0m [0m"DeployedBy"  = "richard.shaw"
          [32m+[0m [0m"Environment" = "account-A"
          [32m+[0m [0m"Name"        = "mob-account-A-public-rtbl-b"
          [32m+[0m [0m"Owner"       = "Mob-academy"
          [32m+[0m [0m"Project"     = "Workshop"
        }
      [32m+[0m [0m[1m[0mtags_all[0m[0m         = {
          [32m+[0m [0m"DeployedBy"  = "richard.shaw"
          [32m+[0m [0m"Environment" = "account-A"
          [32m+[0m [0m"Name"        = "mob-account-A-public-rtbl-b"
          [32m+[0m [0m"Owner"       = "Mob-academy"
          [32m+[0m [0m"Project"     = "Workshop"
        }
      [32m+[0m [0m[1m[0mvpc_id[0m[0m           = (known after apply)
    }

[1m  # aws_route_table.env_rt_tbl[2][0m will be created[0m[0m
[0m  [32m+[0m[0m resource "aws_route_table" "env_rt_tbl" {
      [32m+[0m [0m[1m[0marn[0m[0m              = (known after apply)
      [32m+[0m [0m[1m[0mid[0m[0m               = (known after apply)
      [32m+[0m [0m[1m[0mowner_id[0m[0m         = (known after apply)
      [32m+[0m [0m[1m[0mpropagating_vgws[0m[0m = (known after apply)
      [32m+[0m [0m[1m[0mroute[0m[0m            = (known after apply)
      [32m+[0m [0m[1m[0mtags[0m[0m             = {
          [32m+[0m [0m"DeployedBy"  = "richard.shaw"
          [32m+[0m [0m"Environment" = "account-A"
          [32m+[0m [0m"Name"        = "mob-account-A-public-rtbl-a"
          [32m+[0m [0m"Owner"       = "Mob-academy"
          [32m+[0m [0m"Project"     = "Workshop"
        }
      [32m+[0m [0m[1m[0mtags_all[0m[0m         = {
          [32m+[0m [0m"DeployedBy"  = "richard.shaw"
          [32m+[0m [0m"Environment" = "account-A"
          [32m+[0m [0m"Name"        = "mob-account-A-public-rtbl-a"
          [32m+[0m [0m"Owner"       = "Mob-academy"
          [32m+[0m [0m"Project"     = "Workshop"
        }
      [32m+[0m [0m[1m[0mvpc_id[0m[0m           = (known after apply)
    }

[1m  # aws_route_table.env_rt_tbl[3][0m will be created[0m[0m
[0m  [32m+[0m[0m resource "aws_route_table" "env_rt_tbl" {
      [32m+[0m [0m[1m[0marn[0m[0m              = (known after apply)
      [32m+[0m [0m[1m[0mid[0m[0m               = (known after apply)
      [32m+[0m [0m[1m[0mowner_id[0m[0m         = (known after apply)
      [32m+[0m [0m[1m[0mpropagating_vgws[0m[0m = (known after apply)
      [32m+[0m [0m[1m[0mroute[0m[0m            = (known after apply)
      [32m+[0m [0m[1m[0mtags[0m[0m             = {
          [32m+[0m [0m"DeployedBy"  = "richard.shaw"
          [32m+[0m [0m"Environment" = "account-A"
          [32m+[0m [0m"Name"        = "mob-account-A-public-rtbl-a"
          [32m+[0m [0m"Owner"       = "Mob-academy"
          [32m+[0m [0m"Project"     = "Workshop"
        }
      [32m+[0m [0m[1m[0mtags_all[0m[0m         = {
          [32m+[0m [0m"DeployedBy"  = "richard.shaw"
          [32m+[0m [0m"Environment" = "account-A"
          [32m+[0m [0m"Name"        = "mob-account-A-public-rtbl-a"
          [32m+[0m [0m"Owner"       = "Mob-academy"
          [32m+[0m [0m"Project"     = "Workshop"
        }
      [32m+[0m [0m[1m[0mvpc_id[0m[0m           = (known after apply)
    }

[1m  # aws_route_table.env_rt_tbl[4][0m will be created[0m[0m
[0m  [32m+[0m[0m resource "aws_route_table" "env_rt_tbl" {
      [32m+[0m [0m[1m[0marn[0m[0m              = (known after apply)
      [32m+[0m [0m[1m[0mid[0m[0m               = (known after apply)
      [32m+[0m [0m[1m[0mowner_id[0m[0m         = (known after apply)
      [32m+[0m [0m[1m[0mpropagating_vgws[0m[0m = (known after apply)
      [32m+[0m [0m[1m[0mroute[0m[0m            = (known after apply)
      [32m+[0m [0m[1m[0mtags[0m[0m             = {
          [32m+[0m [0m"DeployedBy"  = "richard.shaw"
          [32m+[0m [0m"Environment" = "account-A"
          [32m+[0m [0m"Name"        = "mob-account-A-public-rtbl-b"
          [32m+[0m [0m"Owner"       = "Mob-academy"
          [32m+[0m [0m"Project"     = "Workshop"
        }
      [32m+[0m [0m[1m[0mtags_all[0m[0m         = {
          [32m+[0m [0m"DeployedBy"  = "richard.shaw"
          [32m+[0m [0m"Environment" = "account-A"
          [32m+[0m [0m"Name"        = "mob-account-A-public-rtbl-b"
          [32m+[0m [0m"Owner"       = "Mob-academy"
          [32m+[0m [0m"Project"     = "Workshop"
        }
      [32m+[0m [0m[1m[0mvpc_id[0m[0m           = (known after apply)
    }

[1m  # aws_route_table_association.rt_bl_asocn[0][0m will be created[0m[0m
[0m  [32m+[0m[0m resource "aws_route_table_association" "rt_bl_asocn" {
      [32m+[0m [0m[1m[0mid[0m[0m             = (known after apply)
      [32m+[0m [0m[1m[0mroute_table_id[0m[0m = (known after apply)
      [32m+[0m [0m[1m[0msubnet_id[0m[0m      = (known after apply)
    }

[1m  # aws_route_table_association.rt_bl_asocn[1][0m will be created[0m[0m
[0m  [32m+[0m[0m resource "aws_route_table_association" "rt_bl_asocn" {
      [32m+[0m [0m[1m[0mid[0m[0m             = (known after apply)
      [32m+[0m [0m[1m[0mroute_table_id[0m[0m = (known after apply)
      [32m+[0m [0m[1m[0msubnet_id[0m[0m      = (known after apply)
    }

[1m  # aws_route_table_association.rt_bl_asocn[2][0m will be created[0m[0m
[0m  [32m+[0m[0m resource "aws_route_table_association" "rt_bl_asocn" {
      [32m+[0m [0m[1m[0mid[0m[0m             = (known after apply)
      [32m+[0m [0m[1m[0mroute_table_id[0m[0m = (known after apply)
      [32m+[0m [0m[1m[0msubnet_id[0m[0m      = (known after apply)
    }

[1m  # aws_route_table_association.rt_bl_asocn[3][0m will be created[0m[0m
[0m  [32m+[0m[0m resource "aws_route_table_association" "rt_bl_asocn" {
      [32m+[0m [0m[1m[0mid[0m[0m             = (known after apply)
      [32m+[0m [0m[1m[0mroute_table_id[0m[0m = (known after apply)
      [32m+[0m [0m[1m[0msubnet_id[0m[0m      = (known after apply)
    }

[1m  # aws_route_table_association.rt_bl_asocn[4][0m will be created[0m[0m
[0m  [32m+[0m[0m resource "aws_route_table_association" "rt_bl_asocn" {
      [32m+[0m [0m[1m[0mid[0m[0m             = (known after apply)
      [32m+[0m [0m[1m[0mroute_table_id[0m[0m = (known after apply)
      [32m+[0m [0m[1m[0msubnet_id[0m[0m      = (known after apply)
    }

[1m  # aws_s3_bucket.assets[0m will be created[0m[0m
[0m  [32m+[0m[0m resource "aws_s3_bucket" "assets" {
      [32m+[0m [0m[1m[0macceleration_status[0m[0m         = (known after apply)
      [32m+[0m [0m[1m[0macl[0m[0m                         = (known after apply)
      [32m+[0m [0m[1m[0marn[0m[0m                         = (known after apply)
      [32m+[0m [0m[1m[0mbucket[0m[0m                      = "assets.rs.mobilise.academy"
      [32m+[0m [0m[1m[0mbucket_domain_name[0m[0m          = (known after apply)
      [32m+[0m [0m[1m[0mbucket_regional_domain_name[0m[0m = (known after apply)
      [32m+[0m [0m[1m[0mforce_destroy[0m[0m               = false
      [32m+[0m [0m[1m[0mhosted_zone_id[0m[0m              = (known after apply)
      [32m+[0m [0m[1m[0mid[0m[0m                          = (known after apply)
      [32m+[0m [0m[1m[0mobject_lock_enabled[0m[0m         = (known after apply)
      [32m+[0m [0m[1m[0mpolicy[0m[0m                      = (known after apply)
      [32m+[0m [0m[1m[0mregion[0m[0m                      = (known after apply)
      [32m+[0m [0m[1m[0mrequest_payer[0m[0m               = (known after apply)
      [32m+[0m [0m[1m[0mtags[0m[0m                        = {
          [32m+[0m [0m"Name"    = "mobilise-academy"
          [32m+[0m [0m"project" = "Workshop"
        }
      [32m+[0m [0m[1m[0mtags_all[0m[0m                    = {
          [32m+[0m [0m"Name"    = "mobilise-academy"
          [32m+[0m [0m"project" = "Workshop"
        }
      [32m+[0m [0m[1m[0mwebsite_domain[0m[0m              = (known after apply)
      [32m+[0m [0m[1m[0mwebsite_endpoint[0m[0m            = (known after apply)

      [32m+[0m [0mcors_rule {
          [32m+[0m [0m[1m[0mallowed_headers[0m[0m = (known after apply)
          [32m+[0m [0m[1m[0mallowed_methods[0m[0m = (known after apply)
          [32m+[0m [0m[1m[0mallowed_origins[0m[0m = (known after apply)
          [32m+[0m [0m[1m[0mexpose_headers[0m[0m  = (known after apply)
          [32m+[0m [0m[1m[0mmax_age_seconds[0m[0m = (known after apply)
        }

      [32m+[0m [0mgrant {
          [32m+[0m [0m[1m[0mid[0m[0m          = (known after apply)
          [32m+[0m [0m[1m[0mpermissions[0m[0m = (known after apply)
          [32m+[0m [0m[1m[0mtype[0m[0m        = (known after apply)
          [32m+[0m [0m[1m[0muri[0m[0m         = (known after apply)
        }

      [32m+[0m [0mlifecycle_rule {
          [32m+[0m [0m[1m[0mabort_incomplete_multipart_upload_days[0m[0m = (known after apply)
          [32m+[0m [0m[1m[0menabled[0m[0m                                = (known after apply)
          [32m+[0m [0m[1m[0mid[0m[0m                                     = (known after apply)
          [32m+[0m [0m[1m[0mprefix[0m[0m                                 = (known after apply)
          [32m+[0m [0m[1m[0mtags[0m[0m                                   = (known after apply)

          [32m+[0m [0mexpiration {
              [32m+[0m [0m[1m[0mdate[0m[0m                         = (known after apply)
              [32m+[0m [0m[1m[0mdays[0m[0m                         = (known after apply)
              [32m+[0m [0m[1m[0mexpired_object_delete_marker[0m[0m = (known after apply)
            }

          [32m+[0m [0mnoncurrent_version_expiration {
              [32m+[0m [0m[1m[0mdays[0m[0m = (known after apply)
            }

          [32m+[0m [0mnoncurrent_version_transition {
              [32m+[0m [0m[1m[0mdays[0m[0m          = (known after apply)
              [32m+[0m [0m[1m[0mstorage_class[0m[0m = (known after apply)
            }

          [32m+[0m [0mtransition {
              [32m+[0m [0m[1m[0mdate[0m[0m          = (known after apply)
              [32m+[0m [0m[1m[0mdays[0m[0m          = (known after apply)
              [32m+[0m [0m[1m[0mstorage_class[0m[0m = (known after apply)
            }
        }

      [32m+[0m [0mlogging {
          [32m+[0m [0m[1m[0mtarget_bucket[0m[0m = (known after apply)
          [32m+[0m [0m[1m[0mtarget_prefix[0m[0m = (known after apply)
        }

      [32m+[0m [0mobject_lock_configuration {
          [32m+[0m [0m[1m[0mobject_lock_enabled[0m[0m = (known after apply)

          [32m+[0m [0mrule {
              [32m+[0m [0mdefault_retention {
                  [32m+[0m [0m[1m[0mdays[0m[0m  = (known after apply)
                  [32m+[0m [0m[1m[0mmode[0m[0m  = (known after apply)
                  [32m+[0m [0m[1m[0myears[0m[0m = (known after apply)
                }
            }
        }

      [32m+[0m [0mreplication_configuration {
          [32m+[0m [0m[1m[0mrole[0m[0m = (known after apply)

          [32m+[0m [0mrules {
              [32m+[0m [0m[1m[0mdelete_marker_replication_status[0m[0m = (known after apply)
              [32m+[0m [0m[1m[0mid[0m[0m                               = (known after apply)
              [32m+[0m [0m[1m[0mprefix[0m[0m                           = (known after apply)
              [32m+[0m [0m[1m[0mpriority[0m[0m                         = (known after apply)
              [32m+[0m [0m[1m[0mstatus[0m[0m                           = (known after apply)

              [32m+[0m [0mdestination {
                  [32m+[0m [0m[1m[0maccount_id[0m[0m         = (known after apply)
                  [32m+[0m [0m[1m[0mbucket[0m[0m             = (known after apply)
                  [32m+[0m [0m[1m[0mreplica_kms_key_id[0m[0m = (known after apply)
                  [32m+[0m [0m[1m[0mstorage_class[0m[0m      = (known after apply)

                  [32m+[0m [0maccess_control_translation {
                      [32m+[0m [0m[1m[0mowner[0m[0m = (known after apply)
                    }

                  [32m+[0m [0mmetrics {
                      [32m+[0m [0m[1m[0mminutes[0m[0m = (known after apply)
                      [32m+[0m [0m[1m[0mstatus[0m[0m  = (known after apply)
                    }

                  [32m+[0m [0mreplication_time {
                      [32m+[0m [0m[1m[0mminutes[0m[0m = (known after apply)
                      [32m+[0m [0m[1m[0mstatus[0m[0m  = (known after apply)
                    }
                }

              [32m+[0m [0mfilter {
                  [32m+[0m [0m[1m[0mprefix[0m[0m = (known after apply)
                  [32m+[0m [0m[1m[0mtags[0m[0m   = (known after apply)
                }

              [32m+[0m [0msource_selection_criteria {
                  [32m+[0m [0msse_kms_encrypted_objects {
                      [32m+[0m [0m[1m[0menabled[0m[0m = (known after apply)
                    }
                }
            }
        }

      [32m+[0m [0mserver_side_encryption_configuration {
          [32m+[0m [0mrule {
              [32m+[0m [0m[1m[0mbucket_key_enabled[0m[0m = (known after apply)

              [32m+[0m [0mapply_server_side_encryption_by_default {
                  [32m+[0m [0m[1m[0mkms_master_key_id[0m[0m = (known after apply)
                  [32m+[0m [0m[1m[0msse_algorithm[0m[0m     = (known after apply)
                }
            }
        }

      [32m+[0m [0mversioning {
          [32m+[0m [0m[1m[0menabled[0m[0m    = (known after apply)
          [32m+[0m [0m[1m[0mmfa_delete[0m[0m = (known after apply)
        }

      [32m+[0m [0mwebsite {
          [32m+[0m [0m[1m[0merror_document[0m[0m           = (known after apply)
          [32m+[0m [0m[1m[0mindex_document[0m[0m           = (known after apply)
          [32m+[0m [0m[1m[0mredirect_all_requests_to[0m[0m = (known after apply)
          [32m+[0m [0m[1m[0mrouting_rules[0m[0m            = (known after apply)
        }
    }

[1m  # aws_s3_bucket_ownership_controls.assets[0m will be created[0m[0m
[0m  [32m+[0m[0m resource "aws_s3_bucket_ownership_controls" "assets" {
      [32m+[0m [0m[1m[0mbucket[0m[0m = (known after apply)
      [32m+[0m [0m[1m[0mid[0m[0m     = (known after apply)

      [32m+[0m [0mrule {
          [32m+[0m [0m[1m[0mobject_ownership[0m[0m = "BucketOwnerEnforced"
        }
    }

[1m  # aws_s3_bucket_policy.allow_object_access_from_internet[0m will be created[0m[0m
[0m  [32m+[0m[0m resource "aws_s3_bucket_policy" "allow_object_access_from_internet" {
      [32m+[0m [0m[1m[0mbucket[0m[0m = (known after apply)
      [32m+[0m [0m[1m[0mid[0m[0m     = (known after apply)
      [32m+[0m [0m[1m[0mpolicy[0m[0m = jsonencode(
            {
              [32m+[0m [0mStatement = [
                  [32m+[0m [0m{
                      [32m+[0m [0mAction    = [
                          [32m+[0m [0m"s3:GetObject",
                        ]
                      [32m+[0m [0mEffect    = "Allow"
                      [32m+[0m [0mPrincipal = "*"
                      [32m+[0m [0mResource  = [
                          [32m+[0m [0m"arn:aws:s3:::${assets.rs.mobilise.academy.bucket.id/*",
                        ]
                      [32m+[0m [0mSid       = "publicReadGetObject"
                    },
                ]
              [32m+[0m [0mVersion   = "2012-10-17"
            }
        )
    }

[1m  # aws_s3_bucket_public_access_block.assets[0m will be created[0m[0m
[0m  [32m+[0m[0m resource "aws_s3_bucket_public_access_block" "assets" {
      [32m+[0m [0m[1m[0mblock_public_acls[0m[0m       = false
      [32m+[0m [0m[1m[0mblock_public_policy[0m[0m     = false
      [32m+[0m [0m[1m[0mbucket[0m[0m                  = (known after apply)
      [32m+[0m [0m[1m[0mid[0m[0m                      = (known after apply)
      [32m+[0m [0m[1m[0mignore_public_acls[0m[0m      = false
      [32m+[0m [0m[1m[0mrestrict_public_buckets[0m[0m = false
    }

[1m  # aws_s3_bucket_server_side_encryption_configuration.assets_sse[0m will be created[0m[0m
[0m  [32m+[0m[0m resource "aws_s3_bucket_server_side_encryption_configuration" "assets_sse" {
      [32m+[0m [0m[1m[0mbucket[0m[0m = "assets.rs.mobilise.academy"
      [32m+[0m [0m[1m[0mid[0m[0m     = (known after apply)

      [32m+[0m [0mrule {
          [32m+[0m [0m[1m[0mbucket_key_enabled[0m[0m = true

          [32m+[0m [0mapply_server_side_encryption_by_default {
              [32m+[0m [0m[1m[0msse_algorithm[0m[0m = "aws:kms"
            }
        }
    }

[1m  # aws_s3_bucket_versioning.assets_versioning[0m will be created[0m[0m
[0m  [32m+[0m[0m resource "aws_s3_bucket_versioning" "assets_versioning" {
      [32m+[0m [0m[1m[0mbucket[0m[0m = (known after apply)
      [32m+[0m [0m[1m[0mid[0m[0m     = (known after apply)

      [32m+[0m [0mversioning_configuration {
          [32m+[0m [0m[1m[0mmfa_delete[0m[0m = (known after apply)
          [32m+[0m [0m[1m[0mstatus[0m[0m     = "Enabled"
        }
    }

[1m  # aws_s3_bucket_website_configuration.assets[0m will be created[0m[0m
[0m  [32m+[0m[0m resource "aws_s3_bucket_website_configuration" "assets" {
      [32m+[0m [0m[1m[0mbucket[0m[0m           = "assets.rs.mobilise.academy"
      [32m+[0m [0m[1m[0mid[0m[0m               = (known after apply)
      [32m+[0m [0m[1m[0mrouting_rules[0m[0m    = (known after apply)
      [32m+[0m [0m[1m[0mwebsite_domain[0m[0m   = (known after apply)
      [32m+[0m [0m[1m[0mwebsite_endpoint[0m[0m = (known after apply)

      [32m+[0m [0mredirect_all_requests_to {
          [32m+[0m [0m[1m[0mhost_name[0m[0m = "https://assets.rs.mobilise.academy.s3-website.eu-west-2.amazonaws.com"
          [32m+[0m [0m[1m[0mprotocol[0m[0m  = "http"
        }

      [32m+[0m [0mrouting_rule {
          [32m+[0m [0mcondition {
              [32m+[0m [0m[1m[0mhttp_error_code_returned_equals[0m[0m = (known after apply)
              [32m+[0m [0m[1m[0mkey_prefix_equals[0m[0m               = (known after apply)
            }

          [32m+[0m [0mredirect {
              [32m+[0m [0m[1m[0mhost_name[0m[0m               = (known after apply)
              [32m+[0m [0m[1m[0mhttp_redirect_code[0m[0m      = (known after apply)
              [32m+[0m [0m[1m[0mprotocol[0m[0m                = (known after apply)
              [32m+[0m [0m[1m[0mreplace_key_prefix_with[0m[0m = (known after apply)
              [32m+[0m [0m[1m[0mreplace_key_with[0m[0m        = (known after apply)
            }
        }
    }

[1m  # aws_s3_bucket_website_configuration.assets_web_conf[0m will be created[0m[0m
[0m  [32m+[0m[0m resource "aws_s3_bucket_website_configuration" "assets_web_conf" {
      [32m+[0m [0m[1m[0mbucket[0m[0m           = "assets.rs.mobilise.academy"
      [32m+[0m [0m[1m[0mid[0m[0m               = (known after apply)
      [32m+[0m [0m[1m[0mrouting_rules[0m[0m    = (known after apply)
      [32m+[0m [0m[1m[0mwebsite_domain[0m[0m   = (known after apply)
      [32m+[0m [0m[1m[0mwebsite_endpoint[0m[0m = (known after apply)

      [32m+[0m [0mredirect_all_requests_to {
          [32m+[0m [0m[1m[0mhost_name[0m[0m = "https://assets.rs.mobilise.academy.s3-website.eu-west-2.amazonaws.com/"
          [32m+[0m [0m[1m[0mprotocol[0m[0m  = "https"
        }

      [32m+[0m [0mrouting_rule {
          [32m+[0m [0mcondition {
              [32m+[0m [0m[1m[0mhttp_error_code_returned_equals[0m[0m = (known after apply)
              [32m+[0m [0m[1m[0mkey_prefix_equals[0m[0m               = (known after apply)
            }

          [32m+[0m [0mredirect {
              [32m+[0m [0m[1m[0mhost_name[0m[0m               = (known after apply)
              [32m+[0m [0m[1m[0mhttp_redirect_code[0m[0m      = (known after apply)
              [32m+[0m [0m[1m[0mprotocol[0m[0m                = (known after apply)
              [32m+[0m [0m[1m[0mreplace_key_prefix_with[0m[0m = (known after apply)
              [32m+[0m [0m[1m[0mreplace_key_with[0m[0m        = (known after apply)
            }
        }
    }

[1m  # aws_s3_object.object[0m will be created[0m[0m
[0m  [32m+[0m[0m resource "aws_s3_object" "object" {
      [32m+[0m [0m[1m[0macl[0m[0m                    = "private"
      [32m+[0m [0m[1m[0mbucket[0m[0m                 = "assets.rs.mobilise.academy"
      [32m+[0m [0m[1m[0mbucket_key_enabled[0m[0m     = (known after apply)
      [32m+[0m [0m[1m[0mcontent_type[0m[0m           = (known after apply)
      [32m+[0m [0m[1m[0metag[0m[0m                   = (known after apply)
      [32m+[0m [0m[1m[0mforce_destroy[0m[0m          = false
      [32m+[0m [0m[1m[0mid[0m[0m                     = (known after apply)
      [32m+[0m [0m[1m[0mkey[0m[0m                    = "aws-certfied-cloud-practitioner"
      [32m+[0m [0m[1m[0mkms_key_id[0m[0m             = (known after apply)
      [32m+[0m [0m[1m[0mserver_side_encryption[0m[0m = (known after apply)
      [32m+[0m [0m[1m[0msource[0m[0m                 = "/Users/richardshaw/Downloads/aws-certified-cloud-practitioner.png"
      [32m+[0m [0m[1m[0mstorage_class[0m[0m          = (known after apply)
      [32m+[0m [0m[1m[0mtags_all[0m[0m               = (known after apply)
      [32m+[0m [0m[1m[0mversion_id[0m[0m             = (known after apply)
    }

[1m  # aws_security_group.ec2_sg["squid_sg"][0m will be created[0m[0m
[0m  [32m+[0m[0m resource "aws_security_group" "ec2_sg" {
      [32m+[0m [0m[1m[0marn[0m[0m                    = (known after apply)
      [32m+[0m [0m[1m[0mdescription[0m[0m            = "Security group for the Squid Proxy EC2s"
      [32m+[0m [0m[1m[0megress[0m[0m                 = (known after apply)
      [32m+[0m [0m[1m[0mid[0m[0m                     = (known after apply)
      [32m+[0m [0m[1m[0mingress[0m[0m                = (known after apply)
      [32m+[0m [0m[1m[0mname[0m[0m                   = "mob-account-A-squid-proxy-sg-sg"
      [32m+[0m [0m[1m[0mname_prefix[0m[0m            = (known after apply)
      [32m+[0m [0m[1m[0mowner_id[0m[0m               = (known after apply)
      [32m+[0m [0m[1m[0mrevoke_rules_on_delete[0m[0m = false
      [32m+[0m [0m[1m[0mtags[0m[0m                   = {
          [32m+[0m [0m"DeployedBy"  = "richard.shaw"
          [32m+[0m [0m"Environment" = "account-A"
          [32m+[0m [0m"Name"        = "mob-account-A-squid-proxy-sg-sg"
          [32m+[0m [0m"Owner"       = "Mob-academy"
          [32m+[0m [0m"Project"     = "Workshop"
        }
      [32m+[0m [0m[1m[0mtags_all[0m[0m               = {
          [32m+[0m [0m"DeployedBy"  = "richard.shaw"
          [32m+[0m [0m"Environment" = "account-A"
          [32m+[0m [0m"Name"        = "mob-account-A-squid-proxy-sg-sg"
          [32m+[0m [0m"Owner"       = "Mob-academy"
          [32m+[0m [0m"Project"     = "Workshop"
        }
      [32m+[0m [0m[1m[0mvpc_id[0m[0m                 = (known after apply)
    }

[1m  # aws_security_group.ec2_sg["ssh_from_internet"][0m will be created[0m[0m
[0m  [32m+[0m[0m resource "aws_security_group" "ec2_sg" {
      [32m+[0m [0m[1m[0marn[0m[0m                    = (known after apply)
      [32m+[0m [0m[1m[0mdescription[0m[0m            = "ssh-from-internet-my-IP"
      [32m+[0m [0m[1m[0megress[0m[0m                 = (known after apply)
      [32m+[0m [0m[1m[0mid[0m[0m                     = (known after apply)
      [32m+[0m [0m[1m[0mingress[0m[0m                = (known after apply)
      [32m+[0m [0m[1m[0mname[0m[0m                   = "mob-account-A-ssh-from-internet-sg"
      [32m+[0m [0m[1m[0mname_prefix[0m[0m            = (known after apply)
      [32m+[0m [0m[1m[0mowner_id[0m[0m               = (known after apply)
      [32m+[0m [0m[1m[0mrevoke_rules_on_delete[0m[0m = false
      [32m+[0m [0m[1m[0mtags[0m[0m                   = {
          [32m+[0m [0m"DeployedBy"  = "richard.shaw"
          [32m+[0m [0m"Environment" = "account-A"
          [32m+[0m [0m"Name"        = "mob-account-A-ssh-from-internet-sg"
          [32m+[0m [0m"Owner"       = "Mob-academy"
          [32m+[0m [0m"Project"     = "Workshop"
        }
      [32m+[0m [0m[1m[0mtags_all[0m[0m               = {
          [32m+[0m [0m"DeployedBy"  = "richard.shaw"
          [32m+[0m [0m"Environment" = "account-A"
          [32m+[0m [0m"Name"        = "mob-account-A-ssh-from-internet-sg"
          [32m+[0m [0m"Owner"       = "Mob-academy"
          [32m+[0m [0m"Project"     = "Workshop"
        }
      [32m+[0m [0m[1m[0mvpc_id[0m[0m                 = (known after apply)
    }

[1m  # aws_security_group.ec2_sg["ssm_endpoint_sg"][0m will be created[0m[0m
[0m  [32m+[0m[0m resource "aws_security_group" "ec2_sg" {
      [32m+[0m [0m[1m[0marn[0m[0m                    = (known after apply)
      [32m+[0m [0m[1m[0mdescription[0m[0m            = "Security group for the SSM endpoint"
      [32m+[0m [0m[1m[0megress[0m[0m                 = (known after apply)
      [32m+[0m [0m[1m[0mid[0m[0m                     = (known after apply)
      [32m+[0m [0m[1m[0mingress[0m[0m                = (known after apply)
      [32m+[0m [0m[1m[0mname[0m[0m                   = "mob-account-A-ssm-endpoint-sg-sg"
      [32m+[0m [0m[1m[0mname_prefix[0m[0m            = (known after apply)
      [32m+[0m [0m[1m[0mowner_id[0m[0m               = (known after apply)
      [32m+[0m [0m[1m[0mrevoke_rules_on_delete[0m[0m = false
      [32m+[0m [0m[1m[0mtags[0m[0m                   = {
          [32m+[0m [0m"DeployedBy"  = "richard.shaw"
          [32m+[0m [0m"Environment" = "account-A"
          [32m+[0m [0m"Name"        = "mob-account-A-ssm-endpoint-sg-sg"
          [32m+[0m [0m"Owner"       = "Mob-academy"
          [32m+[0m [0m"Project"     = "Workshop"
        }
      [32m+[0m [0m[1m[0mtags_all[0m[0m               = {
          [32m+[0m [0m"DeployedBy"  = "richard.shaw"
          [32m+[0m [0m"Environment" = "account-A"
          [32m+[0m [0m"Name"        = "mob-account-A-ssm-endpoint-sg-sg"
          [32m+[0m [0m"Owner"       = "Mob-academy"
          [32m+[0m [0m"Project"     = "Workshop"
        }
      [32m+[0m [0m[1m[0mvpc_id[0m[0m                 = (known after apply)
    }

[1m  # aws_security_group_rule.ec2_sg_rule_ingress_tcp_sp_cidr["squid_sg_22"][0m will be created[0m[0m
[0m  [32m+[0m[0m resource "aws_security_group_rule" "ec2_sg_rule_ingress_tcp_sp_cidr" {
      [32m+[0m [0m[1m[0mcidr_blocks[0m[0m              = [
          [32m+[0m [0m"10.0.0.8/32",
        ]
      [32m+[0m [0m[1m[0mdescription[0m[0m              = "SSH Ingress from Bastion Host"
      [32m+[0m [0m[1m[0mfrom_port[0m[0m                = 22
      [32m+[0m [0m[1m[0mid[0m[0m                       = (known after apply)
      [32m+[0m [0m[1m[0mprotocol[0m[0m                 = "tcp"
      [32m+[0m [0m[1m[0msecurity_group_id[0m[0m        = (known after apply)
      [32m+[0m [0m[1m[0mself[0m[0m                     = false
      [32m+[0m [0m[1m[0msource_security_group_id[0m[0m = (known after apply)
      [32m+[0m [0m[1m[0mto_port[0m[0m                  = 22
      [32m+[0m [0m[1m[0mtype[0m[0m                     = "ingress"
    }

[1m  # aws_security_group_rule.ec2_sg_rule_ingress_tcp_sp_cidr["squid_sg_443"][0m will be created[0m[0m
[0m  [32m+[0m[0m resource "aws_security_group_rule" "ec2_sg_rule_ingress_tcp_sp_cidr" {
      [32m+[0m [0m[1m[0mcidr_blocks[0m[0m              = [
          [32m+[0m [0m"0.0.0.0/0",
        ]
      [32m+[0m [0m[1m[0mdescription[0m[0m              = "HTTPS from internet"
      [32m+[0m [0m[1m[0mfrom_port[0m[0m                = 443
      [32m+[0m [0m[1m[0mid[0m[0m                       = (known after apply)
      [32m+[0m [0m[1m[0mprotocol[0m[0m                 = "tcp"
      [32m+[0m [0m[1m[0msecurity_group_id[0m[0m        = (known after apply)
      [32m+[0m [0m[1m[0mself[0m[0m                     = false
      [32m+[0m [0m[1m[0msource_security_group_id[0m[0m = (known after apply)
      [32m+[0m [0m[1m[0mto_port[0m[0m                  = 443
      [32m+[0m [0m[1m[0mtype[0m[0m                     = "ingress"
    }

[1m  # aws_security_group_rule.ec2_sg_rule_ingress_tcp_sp_cidr["squid_sg_80"][0m will be created[0m[0m
[0m  [32m+[0m[0m resource "aws_security_group_rule" "ec2_sg_rule_ingress_tcp_sp_cidr" {
      [32m+[0m [0m[1m[0mcidr_blocks[0m[0m              = [
          [32m+[0m [0m"0.0.0.0/0",
        ]
      [32m+[0m [0m[1m[0mdescription[0m[0m              = "HTTP from internet"
      [32m+[0m [0m[1m[0mfrom_port[0m[0m                = 80
      [32m+[0m [0m[1m[0mid[0m[0m                       = (known after apply)
      [32m+[0m [0m[1m[0mprotocol[0m[0m                 = "tcp"
      [32m+[0m [0m[1m[0msecurity_group_id[0m[0m        = (known after apply)
      [32m+[0m [0m[1m[0mself[0m[0m                     = false
      [32m+[0m [0m[1m[0msource_security_group_id[0m[0m = (known after apply)
      [32m+[0m [0m[1m[0mto_port[0m[0m                  = 80
      [32m+[0m [0m[1m[0mtype[0m[0m                     = "ingress"
    }

[1m  # aws_security_group_rule.ec2_sg_rule_ingress_tcp_sp_cidr["ssh_from_internet_my_ip"][0m will be created[0m[0m
[0m  [32m+[0m[0m resource "aws_security_group_rule" "ec2_sg_rule_ingress_tcp_sp_cidr" {
      [32m+[0m [0m[1m[0mcidr_blocks[0m[0m              = [
          [32m+[0m [0m"86.142.13.136/32",
        ]
      [32m+[0m [0m[1m[0mdescription[0m[0m              = "SSH from Internet from my IP"
      [32m+[0m [0m[1m[0mfrom_port[0m[0m                = 22
      [32m+[0m [0m[1m[0mid[0m[0m                       = (known after apply)
      [32m+[0m [0m[1m[0mprotocol[0m[0m                 = "tcp"
      [32m+[0m [0m[1m[0msecurity_group_id[0m[0m        = (known after apply)
      [32m+[0m [0m[1m[0mself[0m[0m                     = false
      [32m+[0m [0m[1m[0msource_security_group_id[0m[0m = (known after apply)
      [32m+[0m [0m[1m[0mto_port[0m[0m                  = 22
      [32m+[0m [0m[1m[0mtype[0m[0m                     = "ingress"
    }

[1m  # aws_security_group_rule.ec2_sg_rule_ingress_tcp_sp_cidr["ssm_endpoint_443"][0m will be created[0m[0m
[0m  [32m+[0m[0m resource "aws_security_group_rule" "ec2_sg_rule_ingress_tcp_sp_cidr" {
      [32m+[0m [0m[1m[0mcidr_blocks[0m[0m              = [
          [32m+[0m [0m"10.0.0.0/16",
        ]
      [32m+[0m [0m[1m[0mdescription[0m[0m              = "HTTPS from VPC-A"
      [32m+[0m [0m[1m[0mfrom_port[0m[0m                = 443
      [32m+[0m [0m[1m[0mid[0m[0m                       = (known after apply)
      [32m+[0m [0m[1m[0mprotocol[0m[0m                 = "tcp"
      [32m+[0m [0m[1m[0msecurity_group_id[0m[0m        = (known after apply)
      [32m+[0m [0m[1m[0mself[0m[0m                     = false
      [32m+[0m [0m[1m[0msource_security_group_id[0m[0m = (known after apply)
      [32m+[0m [0m[1m[0mto_port[0m[0m                  = 443
      [32m+[0m [0m[1m[0mtype[0m[0m                     = "ingress"
    }

[1m  # aws_subnet.env_subnet[0][0m will be created[0m[0m
[0m  [32m+[0m[0m resource "aws_subnet" "env_subnet" {
      [32m+[0m [0m[1m[0marn[0m[0m                                            = (known after apply)
      [32m+[0m [0m[1m[0massign_ipv6_address_on_creation[0m[0m                = false
      [32m+[0m [0m[1m[0mavailability_zone[0m[0m                              = "eu-west-2a"
      [32m+[0m [0m[1m[0mavailability_zone_id[0m[0m                           = (known after apply)
      [32m+[0m [0m[1m[0mcidr_block[0m[0m                                     = "10.0.0.0/27"
      [32m+[0m [0m[1m[0menable_dns64[0m[0m                                   = false
      [32m+[0m [0m[1m[0menable_resource_name_dns_a_record_on_launch[0m[0m    = false
      [32m+[0m [0m[1m[0menable_resource_name_dns_aaaa_record_on_launch[0m[0m = false
      [32m+[0m [0m[1m[0mid[0m[0m                                             = (known after apply)
      [32m+[0m [0m[1m[0mipv6_cidr_block_association_id[0m[0m                 = (known after apply)
      [32m+[0m [0m[1m[0mipv6_native[0m[0m                                    = false
      [32m+[0m [0m[1m[0mmap_public_ip_on_launch[0m[0m                        = false
      [32m+[0m [0m[1m[0mowner_id[0m[0m                                       = (known after apply)
      [32m+[0m [0m[1m[0mprivate_dns_hostname_type_on_launch[0m[0m            = (known after apply)
      [32m+[0m [0m[1m[0mtags[0m[0m                                           = (known after apply)
      [32m+[0m [0m[1m[0mtags_all[0m[0m                                       = (known after apply)
      [32m+[0m [0m[1m[0mvpc_id[0m[0m                                         = (known after apply)
    }

[1m  # aws_subnet.env_subnet[1][0m will be created[0m[0m
[0m  [32m+[0m[0m resource "aws_subnet" "env_subnet" {
      [32m+[0m [0m[1m[0marn[0m[0m                                            = (known after apply)
      [32m+[0m [0m[1m[0massign_ipv6_address_on_creation[0m[0m                = false
      [32m+[0m [0m[1m[0mavailability_zone[0m[0m                              = "eu-west-2b"
      [32m+[0m [0m[1m[0mavailability_zone_id[0m[0m                           = (known after apply)
      [32m+[0m [0m[1m[0mcidr_block[0m[0m                                     = "10.0.0.32/27"
      [32m+[0m [0m[1m[0menable_dns64[0m[0m                                   = false
      [32m+[0m [0m[1m[0menable_resource_name_dns_a_record_on_launch[0m[0m    = false
      [32m+[0m [0m[1m[0menable_resource_name_dns_aaaa_record_on_launch[0m[0m = false
      [32m+[0m [0m[1m[0mid[0m[0m                                             = (known after apply)
      [32m+[0m [0m[1m[0mipv6_cidr_block_association_id[0m[0m                 = (known after apply)
      [32m+[0m [0m[1m[0mipv6_native[0m[0m                                    = false
      [32m+[0m [0m[1m[0mmap_public_ip_on_launch[0m[0m                        = false
      [32m+[0m [0m[1m[0mowner_id[0m[0m                                       = (known after apply)
      [32m+[0m [0m[1m[0mprivate_dns_hostname_type_on_launch[0m[0m            = (known after apply)
      [32m+[0m [0m[1m[0mtags[0m[0m                                           = (known after apply)
      [32m+[0m [0m[1m[0mtags_all[0m[0m                                       = (known after apply)
      [32m+[0m [0m[1m[0mvpc_id[0m[0m                                         = (known after apply)
    }

[1m  # aws_subnet.env_subnet[2][0m will be created[0m[0m
[0m  [32m+[0m[0m resource "aws_subnet" "env_subnet" {
      [32m+[0m [0m[1m[0marn[0m[0m                                            = (known after apply)
      [32m+[0m [0m[1m[0massign_ipv6_address_on_creation[0m[0m                = false
      [32m+[0m [0m[1m[0mavailability_zone[0m[0m                              = "eu-west-2a"
      [32m+[0m [0m[1m[0mavailability_zone_id[0m[0m                           = (known after apply)
      [32m+[0m [0m[1m[0mcidr_block[0m[0m                                     = "10.0.0.64/27"
      [32m+[0m [0m[1m[0menable_dns64[0m[0m                                   = false
      [32m+[0m [0m[1m[0menable_resource_name_dns_a_record_on_launch[0m[0m    = false
      [32m+[0m [0m[1m[0menable_resource_name_dns_aaaa_record_on_launch[0m[0m = false
      [32m+[0m [0m[1m[0mid[0m[0m                                             = (known after apply)
      [32m+[0m [0m[1m[0mipv6_cidr_block_association_id[0m[0m                 = (known after apply)
      [32m+[0m [0m[1m[0mipv6_native[0m[0m                                    = false
      [32m+[0m [0m[1m[0mmap_public_ip_on_launch[0m[0m                        = false
      [32m+[0m [0m[1m[0mowner_id[0m[0m                                       = (known after apply)
      [32m+[0m [0m[1m[0mprivate_dns_hostname_type_on_launch[0m[0m            = (known after apply)
      [32m+[0m [0m[1m[0mtags[0m[0m                                           = (known after apply)
      [32m+[0m [0m[1m[0mtags_all[0m[0m                                       = (known after apply)
      [32m+[0m [0m[1m[0mvpc_id[0m[0m                                         = (known after apply)
    }

[1m  # aws_subnet.env_subnet[3][0m will be created[0m[0m
[0m  [32m+[0m[0m resource "aws_subnet" "env_subnet" {
      [32m+[0m [0m[1m[0marn[0m[0m                                            = (known after apply)
      [32m+[0m [0m[1m[0massign_ipv6_address_on_creation[0m[0m                = false
      [32m+[0m [0m[1m[0mavailability_zone[0m[0m                              = "eu-west-2a"
      [32m+[0m [0m[1m[0mavailability_zone_id[0m[0m                           = (known after apply)
      [32m+[0m [0m[1m[0mcidr_block[0m[0m                                     = "10.0.0.96/27"
      [32m+[0m [0m[1m[0menable_dns64[0m[0m                                   = false
      [32m+[0m [0m[1m[0menable_resource_name_dns_a_record_on_launch[0m[0m    = false
      [32m+[0m [0m[1m[0menable_resource_name_dns_aaaa_record_on_launch[0m[0m = false
      [32m+[0m [0m[1m[0mid[0m[0m                                             = (known after apply)
      [32m+[0m [0m[1m[0mipv6_cidr_block_association_id[0m[0m                 = (known after apply)
      [32m+[0m [0m[1m[0mipv6_native[0m[0m                                    = false
      [32m+[0m [0m[1m[0mmap_public_ip_on_launch[0m[0m                        = false
      [32m+[0m [0m[1m[0mowner_id[0m[0m                                       = (known after apply)
      [32m+[0m [0m[1m[0mprivate_dns_hostname_type_on_launch[0m[0m            = (known after apply)
      [32m+[0m [0m[1m[0mtags[0m[0m                                           = (known after apply)
      [32m+[0m [0m[1m[0mtags_all[0m[0m                                       = (known after apply)
      [32m+[0m [0m[1m[0mvpc_id[0m[0m                                         = (known after apply)
    }

[1m  # aws_subnet.env_subnet[4][0m will be created[0m[0m
[0m  [32m+[0m[0m resource "aws_subnet" "env_subnet" {
      [32m+[0m [0m[1m[0marn[0m[0m                                            = (known after apply)
      [32m+[0m [0m[1m[0massign_ipv6_address_on_creation[0m[0m                = false
      [32m+[0m [0m[1m[0mavailability_zone[0m[0m                              = "eu-west-2b"
      [32m+[0m [0m[1m[0mavailability_zone_id[0m[0m                           = (known after apply)
      [32m+[0m [0m[1m[0mcidr_block[0m[0m                                     = "10.0.0.128/27"
      [32m+[0m [0m[1m[0menable_dns64[0m[0m                                   = false
      [32m+[0m [0m[1m[0menable_resource_name_dns_a_record_on_launch[0m[0m    = false
      [32m+[0m [0m[1m[0menable_resource_name_dns_aaaa_record_on_launch[0m[0m = false
      [32m+[0m [0m[1m[0mid[0m[0m                                             = (known after apply)
      [32m+[0m [0m[1m[0mipv6_cidr_block_association_id[0m[0m                 = (known after apply)
      [32m+[0m [0m[1m[0mipv6_native[0m[0m                                    = false
      [32m+[0m [0m[1m[0mmap_public_ip_on_launch[0m[0m                        = false
      [32m+[0m [0m[1m[0mowner_id[0m[0m                                       = (known after apply)
      [32m+[0m [0m[1m[0mprivate_dns_hostname_type_on_launch[0m[0m            = (known after apply)
      [32m+[0m [0m[1m[0mtags[0m[0m                                           = (known after apply)
      [32m+[0m [0m[1m[0mtags_all[0m[0m                                       = (known after apply)
      [32m+[0m [0m[1m[0mvpc_id[0m[0m                                         = (known after apply)
    }

[1m  # aws_vpc.env_vpc[0][0m will be created[0m[0m
[0m  [32m+[0m[0m resource "aws_vpc" "env_vpc" {
      [32m+[0m [0m[1m[0marn[0m[0m                                  = (known after apply)
      [32m+[0m [0m[1m[0mcidr_block[0m[0m                           = "10.0.0.0/16"
      [32m+[0m [0m[1m[0mdefault_network_acl_id[0m[0m               = (known after apply)
      [32m+[0m [0m[1m[0mdefault_route_table_id[0m[0m               = (known after apply)
      [32m+[0m [0m[1m[0mdefault_security_group_id[0m[0m            = (known after apply)
      [32m+[0m [0m[1m[0mdhcp_options_id[0m[0m                      = (known after apply)
      [32m+[0m [0m[1m[0menable_classiclink[0m[0m                   = (known after apply)
      [32m+[0m [0m[1m[0menable_classiclink_dns_support[0m[0m       = (known after apply)
      [32m+[0m [0m[1m[0menable_dns_hostnames[0m[0m                 = true
      [32m+[0m [0m[1m[0menable_dns_support[0m[0m                   = true
      [32m+[0m [0m[1m[0mid[0m[0m                                   = (known after apply)
      [32m+[0m [0m[1m[0minstance_tenancy[0m[0m                     = "default"
      [32m+[0m [0m[1m[0mipv6_association_id[0m[0m                  = (known after apply)
      [32m+[0m [0m[1m[0mipv6_cidr_block[0m[0m                      = (known after apply)
      [32m+[0m [0m[1m[0mipv6_cidr_block_network_border_group[0m[0m = (known after apply)
      [32m+[0m [0m[1m[0mmain_route_table_id[0m[0m                  = (known after apply)
      [32m+[0m [0m[1m[0mowner_id[0m[0m                             = (known after apply)
      [32m+[0m [0m[1m[0mtags[0m[0m                                 = {
          [32m+[0m [0m"DeployedBy"  = "richard.shaw"
          [32m+[0m [0m"Environment" = "account-A"
          [32m+[0m [0m"Name"        = "mob-account-A-vpc"
          [32m+[0m [0m"Owner"       = "Mob-academy"
          [32m+[0m [0m"Project"     = "Workshop"
        }
      [32m+[0m [0m[1m[0mtags_all[0m[0m                             = {
          [32m+[0m [0m"DeployedBy"  = "richard.shaw"
          [32m+[0m [0m"Environment" = "account-A"
          [32m+[0m [0m"Name"        = "mob-account-A-vpc"
          [32m+[0m [0m"Owner"       = "Mob-academy"
          [32m+[0m [0m"Project"     = "Workshop"
        }
    }

[0m[1mPlan:[0m 79 to add, 0 to change, 0 to destroy.
[0m[90m
─────────────────────────────────────────────────────────────────────────────[0m

Note: You didn't use the -out option to save this plan, so Terraform can't
guarantee to take exactly these actions if you run "terraform apply" now.
